// !$*UTF8*$!
{
	archiveVersion = 1;
	classes = {
	};
	objectVersion = 46;
	objects = {

/* Begin PBXAggregateTarget section */
		276806C1175D2EDB00B1D643 /* Install Scripts */ = {
			isa = PBXAggregateTarget;
			buildConfigurationList = 276806C2175D2EDB00B1D643 /* Build configuration list for PBXAggregateTarget "Install Scripts" */;
			buildPhases = (
				276806CF175D2F3100B1D643 /* ShellScript */,
			);
			dependencies = (
			);
			name = "Install Scripts";
			productName = "Install Scripts";
		};
		27AC5C92175E54EF002629F5 /* Update Submodules */ = {
			isa = PBXAggregateTarget;
			buildConfigurationList = 27AC5C93175E54EF002629F5 /* Build configuration list for PBXAggregateTarget "Update Submodules" */;
			buildPhases = (
				27AC5C96175E54F7002629F5 /* ShellScript */,
			);
			dependencies = (
			);
			name = "Update Submodules";
			productName = "Update Submodules";
		};
/* End PBXAggregateTarget section */

/* Begin PBXFileReference section */
		270E0539175D3C4E00802761 /* SharedTargetSettings.xcconfig */ = {isa = PBXFileReference; fileEncoding = 4; lastKnownFileType = text.xcconfig; path = SharedTargetSettings.xcconfig; sourceTree = "<group>"; };
		270E053A175D3C4E00802761 /* TargetSettings-OSX-32-MRC.xcconfig */ = {isa = PBXFileReference; fileEncoding = 4; lastKnownFileType = text.xcconfig; path = "TargetSettings-OSX-32-MRC.xcconfig"; sourceTree = "<group>"; };
		270E053B175D3C4E00802761 /* TargetSettings-OSX-Universal-MRC.xcconfig */ = {isa = PBXFileReference; fileEncoding = 4; lastKnownFileType = text.xcconfig; path = "TargetSettings-OSX-Universal-MRC.xcconfig"; sourceTree = "<group>"; };
		270E053C175D3C4E00802761 /* TargetSettings-OSX-64-ARC.xcconfig */ = {isa = PBXFileReference; fileEncoding = 4; lastKnownFileType = text.xcconfig; path = "TargetSettings-OSX-64-ARC.xcconfig"; sourceTree = "<group>"; };
		270E053D175D3C4E00802761 /* TargetSettings-OSX-64-MRC.xcconfig */ = {isa = PBXFileReference; fileEncoding = 4; lastKnownFileType = text.xcconfig; path = "TargetSettings-OSX-64-MRC.xcconfig"; sourceTree = "<group>"; };
		270E053E175D3C4E00802761 /* TargetSettings-OSX-iOS-ARC.xcconfig */ = {isa = PBXFileReference; fileEncoding = 4; lastKnownFileType = text.xcconfig; path = "TargetSettings-OSX-iOS-ARC.xcconfig"; sourceTree = "<group>"; };
		270E053F175D3C4E00802761 /* FishLampIncludedConfig-ARC.xcconfig */ = {isa = PBXFileReference; fileEncoding = 4; lastKnownFileType = text.xcconfig; path = "FishLampIncludedConfig-ARC.xcconfig"; sourceTree = "<group>"; };
		270E0540175D3C4E00802761 /* FishLampIncludedConfig-iOS.xcconfig */ = {isa = PBXFileReference; fileEncoding = 4; lastKnownFileType = text.xcconfig; path = "FishLampIncludedConfig-iOS.xcconfig"; sourceTree = "<group>"; };
		270E0541175D3C4E00802761 /* FishLampIncludedConfig-MRC.xcconfig */ = {isa = PBXFileReference; fileEncoding = 4; lastKnownFileType = text.xcconfig; path = "FishLampIncludedConfig-MRC.xcconfig"; sourceTree = "<group>"; };
		270E0542175D3C4E00802761 /* FishLampIncludedConfig-OSX-32.xcconfig */ = {isa = PBXFileReference; fileEncoding = 4; lastKnownFileType = text.xcconfig; path = "FishLampIncludedConfig-OSX-32.xcconfig"; sourceTree = "<group>"; };
		270E0543175D3C4E00802761 /* FishLampIncludedConfig-OSX-Universal.xcconfig */ = {isa = PBXFileReference; fileEncoding = 4; lastKnownFileType = text.xcconfig; path = "FishLampIncludedConfig-OSX-Universal.xcconfig"; sourceTree = "<group>"; };
		270E0544175D3C4E00802761 /* FishLampIncludedConfig-OSX-64.xcconfig */ = {isa = PBXFileReference; fileEncoding = 4; lastKnownFileType = text.xcconfig; path = "FishLampIncludedConfig-OSX-64.xcconfig"; sourceTree = "<group>"; };
		270E0545175D3C4E00802761 /* FishLampIncludedConfig-Preprocessor.xcconfig */ = {isa = PBXFileReference; fileEncoding = 4; lastKnownFileType = text.xcconfig; path = "FishLampIncludedConfig-Preprocessor.xcconfig"; sourceTree = "<group>"; };
		270E0546175D3C4E00802761 /* FishLampIncludedConfig-Settings-Debug.xcconfig */ = {isa = PBXFileReference; fileEncoding = 4; lastKnownFileType = text.xcconfig; path = "FishLampIncludedConfig-Settings-Debug.xcconfig"; sourceTree = "<group>"; };
		270E0547175D3C4E00802761 /* FishLampIncludedConfig-Settings.xcconfig */ = {isa = PBXFileReference; fileEncoding = 4; lastKnownFileType = text.xcconfig; path = "FishLampIncludedConfig-Settings.xcconfig"; sourceTree = "<group>"; };
		270E0548175D3C4E00802761 /* FishLampIncludedConfig-TestTool.xcconfig */ = {isa = PBXFileReference; fileEncoding = 4; lastKnownFileType = text.xcconfig; path = "FishLampIncludedConfig-TestTool.xcconfig"; sourceTree = "<group>"; };
		270E0549175D3C4E00802761 /* FishLampIncludedConfig-Tool.xcconfig */ = {isa = PBXFileReference; fileEncoding = 4; lastKnownFileType = text.xcconfig; path = "FishLampIncludedConfig-Tool.xcconfig"; sourceTree = "<group>"; };
		270E054A175D3C4E00802761 /* FishLampPaths.xcconfig */ = {isa = PBXFileReference; fileEncoding = 4; lastKnownFileType = text.xcconfig; path = FishLampPaths.xcconfig; sourceTree = "<group>"; };
		270E054C175D3C4E00802761 /* FishLampProjectSettingsDebug.xcconfig */ = {isa = PBXFileReference; fileEncoding = 4; lastKnownFileType = text.xcconfig; path = FishLampProjectSettingsDebug.xcconfig; sourceTree = "<group>"; };
		270E054D175D3C4E00802761 /* FishLampProjectSettingsRelease.xcconfig */ = {isa = PBXFileReference; fileEncoding = 4; lastKnownFileType = text.xcconfig; path = FishLampProjectSettingsRelease.xcconfig; sourceTree = "<group>"; };
		270E054E175D3C4E00802761 /* FishLampTargetSettings-iOS-ARC.xcconfig */ = {isa = PBXFileReference; fileEncoding = 4; lastKnownFileType = text.xcconfig; path = "FishLampTargetSettings-iOS-ARC.xcconfig"; sourceTree = "<group>"; };
		270E054F175D3C4E00802761 /* FishLampTargetSettings-OSX-32-MRC.xcconfig */ = {isa = PBXFileReference; fileEncoding = 4; lastKnownFileType = text.xcconfig; path = "FishLampTargetSettings-OSX-32-MRC.xcconfig"; sourceTree = "<group>"; };
		270E0550175D3C4E00802761 /* FishLampTargetSettings-OSX-Universal-MRC.xcconfig */ = {isa = PBXFileReference; fileEncoding = 4; lastKnownFileType = text.xcconfig; path = "FishLampTargetSettings-OSX-Universal-MRC.xcconfig"; sourceTree = "<group>"; };
		270E0551175D3C4E00802761 /* FishLampTargetSettings-OSX-64-ARC.xcconfig */ = {isa = PBXFileReference; fileEncoding = 4; lastKnownFileType = text.xcconfig; path = "FishLampTargetSettings-OSX-64-ARC.xcconfig"; sourceTree = "<group>"; };
		270E0552175D3C4E00802761 /* FishLampTargetSettings-OSX-64-MRC.xcconfig */ = {isa = PBXFileReference; fileEncoding = 4; lastKnownFileType = text.xcconfig; path = "FishLampTargetSettings-OSX-64-MRC.xcconfig"; sourceTree = "<group>"; };
		27104784175FA10C0024B1D3 /* plist-set-version.sh */ = {isa = PBXFileReference; lastKnownFileType = text.script.sh; path = "plist-set-version.sh"; sourceTree = "<group>"; };
		271F60291776074B002BF937 /* fishlamp-install-scripts.sh */ = {isa = PBXFileReference; lastKnownFileType = text.script.sh; path = "fishlamp-install-scripts.sh"; sourceTree = "<group>"; };
		27337B1C1783337300F56276 /* create-connect-lib.sh */ = {isa = PBXFileReference; lastKnownFileType = text.script.sh; path = "create-connect-lib.sh"; sourceTree = "<group>"; };
		27337B1D1783337300F56276 /* find.sh */ = {isa = PBXFileReference; lastKnownFileType = text.script.sh; path = find.sh; sourceTree = "<group>"; };
		27337B1F1783337300F56276 /* help.sh */ = {isa = PBXFileReference; lastKnownFileType = text.script.sh; path = help.sh; sourceTree = "<group>"; };
		27337B201783337300F56276 /* help.txt */ = {isa = PBXFileReference; lastKnownFileType = text; path = help.txt; sourceTree = "<group>"; };
		27337B211783337300F56276 /* install-xcode-build-support.sh */ = {isa = PBXFileReference; lastKnownFileType = text.script.sh; path = "install-xcode-build-support.sh"; sourceTree = "<group>"; };
		27337B221783337300F56276 /* remove-xcode-files-from-git.sh */ = {isa = PBXFileReference; lastKnownFileType = text.script.sh; path = "remove-xcode-files-from-git.sh"; sourceTree = "<group>"; };
		27337B231783337300F56276 /* script-dir.sh */ = {isa = PBXFileReference; lastKnownFileType = text.script.sh; path = "script-dir.sh"; sourceTree = "<group>"; };
		27337B241783337300F56276 /* tag-version.sh */ = {isa = PBXFileReference; lastKnownFileType = text.script.sh; path = "tag-version.sh"; sourceTree = "<group>"; };
		27337B251783337300F56276 /* update-submodules.sh */ = {isa = PBXFileReference; lastKnownFileType = text.script.sh; path = "update-submodules.sh"; sourceTree = "<group>"; };
		27337B261783337300F56276 /* update-xcode-config-folders.sh */ = {isa = PBXFileReference; lastKnownFileType = text.script.sh; path = "update-xcode-config-folders.sh"; sourceTree = "<group>"; };
		27337B271783337300F56276 /* version.sh */ = {isa = PBXFileReference; lastKnownFileType = text.script.sh; path = version.sh; sourceTree = "<group>"; };
		27337B281783337300F56276 /* ynq.sh */ = {isa = PBXFileReference; lastKnownFileType = text.script.sh; path = ynq.sh; sourceTree = "<group>"; };
		27337B2917833BFC00F56276 /* hello.sh */ = {isa = PBXFileReference; lastKnownFileType = text.script.sh; path = hello.sh; sourceTree = "<group>"; };
		276806C5175D2F1C00B1D643 /* install.sh */ = {isa = PBXFileReference; fileEncoding = 4; lastKnownFileType = text.script.sh; path = install.sh; sourceTree = "<group>"; };
		276806CB175D2F1C00B1D643 /* fishlamp.sh */ = {isa = PBXFileReference; fileEncoding = 4; lastKnownFileType = text.script.sh; path = fishlamp.sh; sourceTree = "<group>"; };
		276806CC175D2F1C00B1D643 /* version-bump-build.sh */ = {isa = PBXFileReference; fileEncoding = 4; lastKnownFileType = text.script.sh; path = "version-bump-build.sh"; sourceTree = "<group>"; };
		276806CD175D2F1C00B1D643 /* plist-get-version.sh */ = {isa = PBXFileReference; fileEncoding = 4; lastKnownFileType = text.script.sh; path = "plist-get-version.sh"; sourceTree = "<group>"; };
		276806CE175D2F1C00B1D643 /* git-tag-version.sh */ = {isa = PBXFileReference; fileEncoding = 4; lastKnownFileType = text.script.sh; path = "git-tag-version.sh"; sourceTree = "<group>"; };
		279519D717931E8F00EEAE90 /* plist-bump-version.sh */ = {isa = PBXFileReference; lastKnownFileType = text.script.sh; path = "plist-bump-version.sh"; sourceTree = "<group>"; };
		279519D817932DB000EEAE90 /* assert-exists-on-disk.sh */ = {isa = PBXFileReference; lastKnownFileType = text.script.sh; path = "assert-exists-on-disk.sh"; sourceTree = "<group>"; };
		279D118A17836FC100B5A423 /* run-tests.sh */ = {isa = PBXFileReference; lastKnownFileType = text.script.sh; path = "run-tests.sh"; sourceTree = "<group>"; };
		27A114EC1793488700E37559 /* cobble2.sh */ = {isa = PBXFileReference; lastKnownFileType = text.script.sh; path = cobble2.sh; sourceTree = "<group>"; };
/* End PBXFileReference section */

/* Begin PBXGroup section */
		270E0537175D3C4E00802761 /* XcodeConfigs */ = {
			isa = PBXGroup;
			children = (
				270E0538175D3C4E00802761 /* Examples */,
				270E053F175D3C4E00802761 /* FishLampIncludedConfig-ARC.xcconfig */,
				270E0540175D3C4E00802761 /* FishLampIncludedConfig-iOS.xcconfig */,
				270E0541175D3C4E00802761 /* FishLampIncludedConfig-MRC.xcconfig */,
				270E0542175D3C4E00802761 /* FishLampIncludedConfig-OSX-32.xcconfig */,
				270E0543175D3C4E00802761 /* FishLampIncludedConfig-OSX-Universal.xcconfig */,
				270E0544175D3C4E00802761 /* FishLampIncludedConfig-OSX-64.xcconfig */,
				270E0545175D3C4E00802761 /* FishLampIncludedConfig-Preprocessor.xcconfig */,
				270E0546175D3C4E00802761 /* FishLampIncludedConfig-Settings-Debug.xcconfig */,
				270E0547175D3C4E00802761 /* FishLampIncludedConfig-Settings.xcconfig */,
				270E0548175D3C4E00802761 /* FishLampIncludedConfig-TestTool.xcconfig */,
				270E0549175D3C4E00802761 /* FishLampIncludedConfig-Tool.xcconfig */,
				270E054A175D3C4E00802761 /* FishLampPaths.xcconfig */,
				270E054B175D3C4E00802761 /* FishLampProjectSettings */,
				270E054E175D3C4E00802761 /* FishLampTargetSettings-iOS-ARC.xcconfig */,
				270E054F175D3C4E00802761 /* FishLampTargetSettings-OSX-32-MRC.xcconfig */,
				270E0550175D3C4E00802761 /* FishLampTargetSettings-OSX-Universal-MRC.xcconfig */,
				270E0551175D3C4E00802761 /* FishLampTargetSettings-OSX-64-ARC.xcconfig */,
				270E0552175D3C4E00802761 /* FishLampTargetSettings-OSX-64-MRC.xcconfig */,
			);
			path = XcodeConfigs;
			sourceTree = SOURCE_ROOT;
		};
		270E0538175D3C4E00802761 /* Examples */ = {
			isa = PBXGroup;
			children = (
				270E0539175D3C4E00802761 /* SharedTargetSettings.xcconfig */,
				270E053A175D3C4E00802761 /* TargetSettings-OSX-32-MRC.xcconfig */,
				270E053B175D3C4E00802761 /* TargetSettings-OSX-Universal-MRC.xcconfig */,
				270E053C175D3C4E00802761 /* TargetSettings-OSX-64-ARC.xcconfig */,
				270E053D175D3C4E00802761 /* TargetSettings-OSX-64-MRC.xcconfig */,
				270E053E175D3C4E00802761 /* TargetSettings-OSX-iOS-ARC.xcconfig */,
			);
			path = Examples;
			sourceTree = "<group>";
		};
		270E054B175D3C4E00802761 /* FishLampProjectSettings */ = {
			isa = PBXGroup;
			children = (
				270E054C175D3C4E00802761 /* FishLampProjectSettingsDebug.xcconfig */,
				270E054D175D3C4E00802761 /* FishLampProjectSettingsRelease.xcconfig */,
			);
			path = FishLampProjectSettings;
			sourceTree = "<group>";
		};
		271F60281776074B002BF937 /* bin */ = {
			isa = PBXGroup;
			children = (
				271F60291776074B002BF937 /* fishlamp-install-scripts.sh */,
			);
			path = bin;
			sourceTree = "<group>";
		};
		27337B1B1783337300F56276 /* fishlamp-commands */ = {
			isa = PBXGroup;
			children = (
				27337B1C1783337300F56276 /* create-connect-lib.sh */,
				27337B1D1783337300F56276 /* find.sh */,
				27337B1F1783337300F56276 /* help.sh */,
				27337B201783337300F56276 /* help.txt */,
				27337B211783337300F56276 /* install-xcode-build-support.sh */,
				27337B221783337300F56276 /* remove-xcode-files-from-git.sh */,
				27337B231783337300F56276 /* script-dir.sh */,
				27337B241783337300F56276 /* tag-version.sh */,
				27337B251783337300F56276 /* update-submodules.sh */,
				27337B261783337300F56276 /* update-xcode-config-folders.sh */,
				27337B271783337300F56276 /* version.sh */,
				27337B281783337300F56276 /* ynq.sh */,
				27337B2917833BFC00F56276 /* hello.sh */,
				279D118A17836FC100B5A423 /* run-tests.sh */,
			);
			path = "fishlamp-commands";
			sourceTree = "<group>";
		};
		276806BA175D2EA400B1D643 = {
			isa = PBXGroup;
			children = (
				271F60281776074B002BF937 /* bin */,
				270E0537175D3C4E00802761 /* XcodeConfigs */,
				276806C5175D2F1C00B1D643 /* install.sh */,
				276806C6175D2F1C00B1D643 /* Scripts */,
			);
			sourceTree = "<group>";
		};
		276806C6175D2F1C00B1D643 /* Scripts */ = {
			isa = PBXGroup;
			children = (
				27337B1B1783337300F56276 /* fishlamp-commands */,
				276806CB175D2F1C00B1D643 /* fishlamp.sh */,
				276806CE175D2F1C00B1D643 /* git-tag-version.sh */,
				276806CC175D2F1C00B1D643 /* version-bump-build.sh */,
				276806CD175D2F1C00B1D643 /* plist-get-version.sh */,
				27104784175FA10C0024B1D3 /* plist-set-version.sh */,
				279519D717931E8F00EEAE90 /* plist-bump-version.sh */,
				279519D817932DB000EEAE90 /* assert-exists-on-disk.sh */,
				27A114EC1793488700E37559 /* cobble2.sh */,
			);
			path = Scripts;
			sourceTree = "<group>";
		};
/* End PBXGroup section */

/* Begin PBXProject section */
		276806BB175D2EA400B1D643 /* Project object */ = {
			isa = PBXProject;
			attributes = {
				LastUpgradeCheck = 0460;
			};
			buildConfigurationList = 276806BE175D2EA400B1D643 /* Build configuration list for PBXProject "FishLampScripts" */;
			compatibilityVersion = "Xcode 3.2";
			developmentRegion = English;
			hasScannedForEncodings = 0;
			knownRegions = (
				en,
			);
			mainGroup = 276806BA175D2EA400B1D643;
			projectDirPath = "";
			projectRoot = "";
			targets = (
				276806C1175D2EDB00B1D643 /* Install Scripts */,
				27AC5C92175E54EF002629F5 /* Update Submodules */,
			);
		};
/* End PBXProject section */

/* Begin PBXShellScriptBuildPhase section */
		276806CF175D2F3100B1D643 /* ShellScript */ = {
			isa = PBXShellScriptBuildPhase;
			buildActionMask = 2147483647;
			files = (
			);
			inputPaths = (
			);
			outputPaths = (
			);
			runOnlyForDeploymentPostprocessing = 0;
			shellPath = /bin/sh;
			shellScript = "$PROJECT_DIR/bin/fishlamp-install-scripts.sh";
			showEnvVarsInLog = 0;
		};
		27AC5C96175E54F7002629F5 /* ShellScript */ = {
			isa = PBXShellScriptBuildPhase;
			buildActionMask = 2147483647;
			files = (
			);
			inputPaths = (
			);
			outputPaths = (
			);
			runOnlyForDeploymentPostprocessing = 0;
			shellPath = /bin/sh;
			shellScript = "# $PROJECT_DIR/scripts/fishlamp-update-submodules.sh";
		};
/* End PBXShellScriptBuildPhase section */

/* Begin XCBuildConfiguration section */
		276806BF175D2EA400B1D643 /* Debug */ = {
			isa = XCBuildConfiguration;
			buildSettings = {
			};
			name = Debug;
		};
		276806C0175D2EA400B1D643 /* Release */ = {
			isa = XCBuildConfiguration;
			buildSettings = {
			};
			name = Release;
		};
		276806C3175D2EDB00B1D643 /* Debug */ = {
			isa = XCBuildConfiguration;
			buildSettings = {
				DEPLOYMENT_LOCATION = YES;
				PRODUCT_NAME = "$(TARGET_NAME)";
			};
			name = Debug;
		};
		276806C4175D2EDB00B1D643 /* Release */ = {
			isa = XCBuildConfiguration;
			buildSettings = {
				DEPLOYMENT_LOCATION = YES;
				PRODUCT_NAME = "$(TARGET_NAME)";
			};
			name = Release;
		};
		27AC5C94175E54EF002629F5 /* Debug */ = {
			isa = XCBuildConfiguration;
			buildSettings = {
				PRODUCT_NAME = "$(TARGET_NAME)";
			};
			name = Debug;
		};
		27AC5C95175E54EF002629F5 /* Release */ = {
			isa = XCBuildConfiguration;
			buildSettings = {
				PRODUCT_NAME = "$(TARGET_NAME)";
			};
			name = Release;
		};
/* End XCBuildConfiguration section */

/* Begin XCConfigurationList section */
		276806BE175D2EA400B1D643 /* Build configuration list for PBXProject "FishLampScripts" */ = {
			isa = XCConfigurationList;
			buildConfigurations = (
				276806BF175D2EA400B1D643 /* Debug */,
				276806C0175D2EA400B1D643 /* Release */,
			);
			defaultConfigurationIsVisible = 0;
			defaultConfigurationName = Release;
		};
		276806C2175D2EDB00B1D643 /* Build configuration list for PBXAggregateTarget "Install Scripts" */ = {
			isa = XCConfigurationList;
			buildConfigurations = (
				276806C3175D2EDB00B1D643 /* Debug */,
				276806C4175D2EDB00B1D643 /* Release */,
			);
			defaultConfigurationIsVisible = 0;
			defaultConfigurationName = Release;
		};
		27AC5C93175E54EF002629F5 /* Build configuration list for PBXAggregateTarget "Update Submodules" */ = {
			isa = XCConfigurationList;
			buildConfigurations = (
				27AC5C94175E54EF002629F5 /* Debug */,
				27AC5C95175E54EF002629F5 /* Release */,
			);
			defaultConfigurationIsVisible = 0;
			defaultConfigurationName = Release;
		};
/* End XCConfigurationList section */
	};
	rootObject = 276806BB175D2EA400B1D643 /* Project object */;
}
