// !$*UTF8*$!
{
	archiveVersion = 1;
	classes = {
	};
	objectVersion = 46;
	objects = {

/* Begin PBXBuildFile section */
		27337EBD174C4F20002DEC7D /* FLParseService.h in Headers */ = {isa = PBXBuildFile; fileRef = 27337EBB174C4F20002DEC7D /* FLParseService.h */; };
		27337EBE174C4F20002DEC7D /* FLParseService.h in Headers */ = {isa = PBXBuildFile; fileRef = 27337EBB174C4F20002DEC7D /* FLParseService.h */; };
		27337EBF174C4F20002DEC7D /* FLParseService.h in Headers */ = {isa = PBXBuildFile; fileRef = 27337EBB174C4F20002DEC7D /* FLParseService.h */; };
		27337EC0174C4F20002DEC7D /* FLParseService.h in Headers */ = {isa = PBXBuildFile; fileRef = 27337EBB174C4F20002DEC7D /* FLParseService.h */; };
		27337EC1174C4F20002DEC7D /* FLParseService.m in Sources */ = {isa = PBXBuildFile; fileRef = 27337EBC174C4F20002DEC7D /* FLParseService.m */; };
		27337EC2174C4F20002DEC7D /* FLParseService.m in Sources */ = {isa = PBXBuildFile; fileRef = 27337EBC174C4F20002DEC7D /* FLParseService.m */; };
		27337EC3174C4F20002DEC7D /* FLParseService.m in Sources */ = {isa = PBXBuildFile; fileRef = 27337EBC174C4F20002DEC7D /* FLParseService.m */; };
		27337EC4174C4F20002DEC7D /* FLParseService.m in Sources */ = {isa = PBXBuildFile; fileRef = 27337EBC174C4F20002DEC7D /* FLParseService.m */; };
		27337EC5174C4F20002DEC7D /* FLParseService.m in Sources */ = {isa = PBXBuildFile; fileRef = 27337EBC174C4F20002DEC7D /* FLParseService.m */; };
		27337EC8174C5002002DEC7D /* FLParseServiceStorage.h in Headers */ = {isa = PBXBuildFile; fileRef = 27337EC6174C5002002DEC7D /* FLParseServiceStorage.h */; };
		27337EC9174C5002002DEC7D /* FLParseServiceStorage.h in Headers */ = {isa = PBXBuildFile; fileRef = 27337EC6174C5002002DEC7D /* FLParseServiceStorage.h */; };
		27337ECA174C5002002DEC7D /* FLParseServiceStorage.h in Headers */ = {isa = PBXBuildFile; fileRef = 27337EC6174C5002002DEC7D /* FLParseServiceStorage.h */; };
		27337ECB174C5002002DEC7D /* FLParseServiceStorage.h in Headers */ = {isa = PBXBuildFile; fileRef = 27337EC6174C5002002DEC7D /* FLParseServiceStorage.h */; };
		27337ECC174C5002002DEC7D /* FLParseServiceStorage.m in Sources */ = {isa = PBXBuildFile; fileRef = 27337EC7174C5002002DEC7D /* FLParseServiceStorage.m */; };
		27337ECD174C5002002DEC7D /* FLParseServiceStorage.m in Sources */ = {isa = PBXBuildFile; fileRef = 27337EC7174C5002002DEC7D /* FLParseServiceStorage.m */; };
		27337ECE174C5002002DEC7D /* FLParseServiceStorage.m in Sources */ = {isa = PBXBuildFile; fileRef = 27337EC7174C5002002DEC7D /* FLParseServiceStorage.m */; };
		27337ECF174C5002002DEC7D /* FLParseServiceStorage.m in Sources */ = {isa = PBXBuildFile; fileRef = 27337EC7174C5002002DEC7D /* FLParseServiceStorage.m */; };
		27337ED0174C5002002DEC7D /* FLParseServiceStorage.m in Sources */ = {isa = PBXBuildFile; fileRef = 27337EC7174C5002002DEC7D /* FLParseServiceStorage.m */; };
		273EFD02174FB96E00ABFB46 /* FLParseClassLink.h in Headers */ = {isa = PBXBuildFile; fileRef = 273EFD00174FB96E00ABFB46 /* FLParseClassLink.h */; };
		273EFD03174FB96E00ABFB46 /* FLParseClassLink.h in Headers */ = {isa = PBXBuildFile; fileRef = 273EFD00174FB96E00ABFB46 /* FLParseClassLink.h */; };
		273EFD04174FB96E00ABFB46 /* FLParseClassLink.h in Headers */ = {isa = PBXBuildFile; fileRef = 273EFD00174FB96E00ABFB46 /* FLParseClassLink.h */; };
		273EFD05174FB96E00ABFB46 /* FLParseClassLink.h in Headers */ = {isa = PBXBuildFile; fileRef = 273EFD00174FB96E00ABFB46 /* FLParseClassLink.h */; };
		273EFD06174FB96E00ABFB46 /* FLParseClassLink.m in Sources */ = {isa = PBXBuildFile; fileRef = 273EFD01174FB96E00ABFB46 /* FLParseClassLink.m */; };
		273EFD07174FB96E00ABFB46 /* FLParseClassLink.m in Sources */ = {isa = PBXBuildFile; fileRef = 273EFD01174FB96E00ABFB46 /* FLParseClassLink.m */; };
		273EFD08174FB96E00ABFB46 /* FLParseClassLink.m in Sources */ = {isa = PBXBuildFile; fileRef = 273EFD01174FB96E00ABFB46 /* FLParseClassLink.m */; };
		273EFD09174FB96E00ABFB46 /* FLParseClassLink.m in Sources */ = {isa = PBXBuildFile; fileRef = 273EFD01174FB96E00ABFB46 /* FLParseClassLink.m */; };
		273EFD0A174FB96E00ABFB46 /* FLParseClassLink.m in Sources */ = {isa = PBXBuildFile; fileRef = 273EFD01174FB96E00ABFB46 /* FLParseClassLink.m */; };
		273EFD0D174FBE8900ABFB46 /* FLParseController.h in Headers */ = {isa = PBXBuildFile; fileRef = 273EFD0B174FBE8900ABFB46 /* FLParseController.h */; };
		273EFD0E174FBE8900ABFB46 /* FLParseController.h in Headers */ = {isa = PBXBuildFile; fileRef = 273EFD0B174FBE8900ABFB46 /* FLParseController.h */; };
		273EFD0F174FBE8900ABFB46 /* FLParseController.h in Headers */ = {isa = PBXBuildFile; fileRef = 273EFD0B174FBE8900ABFB46 /* FLParseController.h */; };
		273EFD10174FBE8900ABFB46 /* FLParseController.h in Headers */ = {isa = PBXBuildFile; fileRef = 273EFD0B174FBE8900ABFB46 /* FLParseController.h */; };
		273EFD11174FBE8900ABFB46 /* FLParseController.m in Sources */ = {isa = PBXBuildFile; fileRef = 273EFD0C174FBE8900ABFB46 /* FLParseController.m */; };
		273EFD12174FBE8900ABFB46 /* FLParseController.m in Sources */ = {isa = PBXBuildFile; fileRef = 273EFD0C174FBE8900ABFB46 /* FLParseController.m */; };
		273EFD13174FBE8900ABFB46 /* FLParseController.m in Sources */ = {isa = PBXBuildFile; fileRef = 273EFD0C174FBE8900ABFB46 /* FLParseController.m */; };
		273EFD14174FBE8900ABFB46 /* FLParseController.m in Sources */ = {isa = PBXBuildFile; fileRef = 273EFD0C174FBE8900ABFB46 /* FLParseController.m */; };
		273EFD15174FBE8900ABFB46 /* FLParseController.m in Sources */ = {isa = PBXBuildFile; fileRef = 273EFD0C174FBE8900ABFB46 /* FLParseController.m */; };
		273EFD17174FC33C00ABFB46 /* ParseOSX.framework in Frameworks */ = {isa = PBXBuildFile; fileRef = 273EFD16174FC33C00ABFB46 /* ParseOSX.framework */; };
		273EFD18174FC33C00ABFB46 /* ParseOSX.framework in Frameworks */ = {isa = PBXBuildFile; fileRef = 273EFD16174FC33C00ABFB46 /* ParseOSX.framework */; };
		273EFD19174FC33C00ABFB46 /* ParseOSX.framework in Frameworks */ = {isa = PBXBuildFile; fileRef = 273EFD16174FC33C00ABFB46 /* ParseOSX.framework */; };
		273EFD1A174FC33C00ABFB46 /* ParseOSX.framework in Frameworks */ = {isa = PBXBuildFile; fileRef = 273EFD16174FC33C00ABFB46 /* ParseOSX.framework */; };
		273EFD1B174FC33C00ABFB46 /* ParseOSX.framework in Frameworks */ = {isa = PBXBuildFile; fileRef = 273EFD16174FC33C00ABFB46 /* ParseOSX.framework */; };
		27733DF7173C30EC00B93AB1 /* AppKit.framework in Frameworks */ = {isa = PBXBuildFile; fileRef = 27733DED173C30DD00B93AB1 /* AppKit.framework */; };
		27733DF8173C30EC00B93AB1 /* CoreData.framework in Frameworks */ = {isa = PBXBuildFile; fileRef = 27733DEE173C30DD00B93AB1 /* CoreData.framework */; };
		27733DF9173C30EC00B93AB1 /* SystemConfiguration.framework in Frameworks */ = {isa = PBXBuildFile; fileRef = 27733DEF173C30DD00B93AB1 /* SystemConfiguration.framework */; };
		27733DFA173C30EC00B93AB1 /* Security.framework in Frameworks */ = {isa = PBXBuildFile; fileRef = 27733DF0173C30DD00B93AB1 /* Security.framework */; };
		27733DFB173C30EC00B93AB1 /* CoreServices.framework in Frameworks */ = {isa = PBXBuildFile; fileRef = 27733DF1173C30DD00B93AB1 /* CoreServices.framework */; };
		27733DFC173C30EC00B93AB1 /* libsqlite3.0.dylib in Frameworks */ = {isa = PBXBuildFile; fileRef = 27733DF2173C30DD00B93AB1 /* libsqlite3.0.dylib */; };
		27733DFD173C30EC00B93AB1 /* Quartz.framework in Frameworks */ = {isa = PBXBuildFile; fileRef = 27733DF3173C30DD00B93AB1 /* Quartz.framework */; };
		27733DFE173C30EC00B93AB1 /* QuartzCore.framework in Frameworks */ = {isa = PBXBuildFile; fileRef = 27733DF4173C30DD00B93AB1 /* QuartzCore.framework */; };
		27733DFF173C30EC00B93AB1 /* Cocoa.framework in Frameworks */ = {isa = PBXBuildFile; fileRef = 27733DF5173C30DD00B93AB1 /* Cocoa.framework */; };
		27733E00173C310A00B93AB1 /* libFishLampConnect-OSX-64-MRC.a in Frameworks */ = {isa = PBXBuildFile; fileRef = 27A43AC415CDCCCB001CB13E /* libFishLampConnect-OSX-64-MRC.a */; };
		27733E01173C310A00B93AB1 /* libFishLampCocoa-OSX-64-MRC.a in Frameworks */ = {isa = PBXBuildFile; fileRef = 27733DD1173C307000B93AB1 /* libFishLampCocoa-OSX-64-MRC.a */; };
		27733E02173C310A00B93AB1 /* libFishLampCore-OSX-64-MRC.a in Frameworks */ = {isa = PBXBuildFile; fileRef = 27733DE4173C307000B93AB1 /* libFishLampCore-OSX-64-MRC.a */; };
		27EA230616B84DCA0018CDB2 /* FishLampConnect-Prefix.pch in Headers */ = {isa = PBXBuildFile; fileRef = 27EA230516B84DCA0018CDB2 /* FishLampConnect-Prefix.pch */; };
		27EA230716B84DCA0018CDB2 /* FishLampConnect-Prefix.pch in Headers */ = {isa = PBXBuildFile; fileRef = 27EA230516B84DCA0018CDB2 /* FishLampConnect-Prefix.pch */; };
		27EA230816B84DCA0018CDB2 /* FishLampConnect-Prefix.pch in Headers */ = {isa = PBXBuildFile; fileRef = 27EA230516B84DCA0018CDB2 /* FishLampConnect-Prefix.pch */; };
		27EA230916B84DCA0018CDB2 /* FishLampConnect-Prefix.pch in Headers */ = {isa = PBXBuildFile; fileRef = 27EA230516B84DCA0018CDB2 /* FishLampConnect-Prefix.pch */; };
		27EF350D173C2E62004F2404 /* Foundation.framework in Frameworks */ = {isa = PBXBuildFile; fileRef = 27EF350C173C2E61004F2404 /* Foundation.framework */; };
		27EF3545173C2FEA004F2404 /* main.m in Sources */ = {isa = PBXBuildFile; fileRef = 27EF353E173C2FD9004F2404 /* main.m */; };
/* End PBXBuildFile section */

/* Begin PBXContainerItemProxy section */
		27733DCC173C307000B93AB1 /* PBXContainerItemProxy */ = {
			isa = PBXContainerItemProxy;
			containerPortal = 27EF3548173C303A004F2404 /* FishLampCocoa.xcodeproj */;
			proxyType = 2;
			remoteGlobalIDString = 27A43AB415CDCC89001CB13E;
			remoteInfo = "FishLampCocoa-iOS-ARC";
		};
		27733DCE173C307000B93AB1 /* PBXContainerItemProxy */ = {
			isa = PBXContainerItemProxy;
			containerPortal = 27EF3548173C303A004F2404 /* FishLampCocoa.xcodeproj */;
			proxyType = 2;
			remoteGlobalIDString = 27048EF0161CB58600C38ADA;
			remoteInfo = "FishLampCocoa-OSX-32-MRC";
		};
		27733DD0173C307000B93AB1 /* PBXContainerItemProxy */ = {
			isa = PBXContainerItemProxy;
			containerPortal = 27EF3548173C303A004F2404 /* FishLampCocoa.xcodeproj */;
			proxyType = 2;
			remoteGlobalIDString = 27A43AC415CDCCCB001CB13E;
			remoteInfo = "FishLampCocoa-OSX-64-MRC";
		};
		27733DD2173C307000B93AB1 /* PBXContainerItemProxy */ = {
			isa = PBXContainerItemProxy;
			containerPortal = 27EF3548173C303A004F2404 /* FishLampCocoa.xcodeproj */;
			proxyType = 2;
			remoteGlobalIDString = 27314C79165328400027850D;
			remoteInfo = "FishLampCocoa-OSX-64-ARC";
		};
		27733DD4173C307000B93AB1 /* PBXContainerItemProxy */ = {
			isa = PBXContainerItemProxy;
			containerPortal = 27EF3548173C303A004F2404 /* FishLampCocoa.xcodeproj */;
			proxyType = 2;
			remoteGlobalIDString = 27CBC1F416768BA600753D0A;
			remoteInfo = "FishLampCocoa-OSX-3264-MRC";
		};
		27733DD6173C307000B93AB1 /* PBXContainerItemProxy */ = {
			isa = PBXContainerItemProxy;
			containerPortal = 27EF3548173C303A004F2404 /* FishLampCocoa.xcodeproj */;
			proxyType = 2;
			remoteGlobalIDString = 27C62D39170B45C80093F260;
			remoteInfo = "FishLampCocoaTestTool-64-MRC";
		};
		27733DDF173C307000B93AB1 /* PBXContainerItemProxy */ = {
			isa = PBXContainerItemProxy;
			containerPortal = 27EF3549173C3040004F2404 /* FishLampCore.xcodeproj */;
			proxyType = 2;
			remoteGlobalIDString = 27A43AB415CDCC89001CB13E;
			remoteInfo = "FishLampCore-iOS-ARC";
		};
		27733DE1173C307000B93AB1 /* PBXContainerItemProxy */ = {
			isa = PBXContainerItemProxy;
			containerPortal = 27EF3549173C3040004F2404 /* FishLampCore.xcodeproj */;
			proxyType = 2;
			remoteGlobalIDString = 27048EF0161CB58600C38ADA;
			remoteInfo = "FishLampCore-OSX-32-MRC";
		};
		27733DE3173C307000B93AB1 /* PBXContainerItemProxy */ = {
			isa = PBXContainerItemProxy;
			containerPortal = 27EF3549173C3040004F2404 /* FishLampCore.xcodeproj */;
			proxyType = 2;
			remoteGlobalIDString = 27A43AC415CDCCCB001CB13E;
			remoteInfo = "FishLampCore-OSX-64-MRC";
		};
		27733DE5173C307000B93AB1 /* PBXContainerItemProxy */ = {
			isa = PBXContainerItemProxy;
			containerPortal = 27EF3549173C3040004F2404 /* FishLampCore.xcodeproj */;
			proxyType = 2;
			remoteGlobalIDString = 27314C79165328400027850D;
			remoteInfo = "FishLampCore-OSX-64-ARC";
		};
		27733DE7173C307000B93AB1 /* PBXContainerItemProxy */ = {
			isa = PBXContainerItemProxy;
			containerPortal = 27EF3549173C3040004F2404 /* FishLampCore.xcodeproj */;
			proxyType = 2;
			remoteGlobalIDString = 27CBC1F416768BA600753D0A;
			remoteInfo = "FishLampCore-OSX-3264-MRC";
		};
		27733DE9173C308B00B93AB1 /* PBXContainerItemProxy */ = {
			isa = PBXContainerItemProxy;
			containerPortal = 27EF3548173C303A004F2404 /* FishLampCocoa.xcodeproj */;
			proxyType = 1;
			remoteGlobalIDString = 27A43AC315CDCCCB001CB13E;
			remoteInfo = "FishLampCocoa-OSX-64-MRC";
		};
		27733DEB173C308B00B93AB1 /* PBXContainerItemProxy */ = {
			isa = PBXContainerItemProxy;
			containerPortal = 27EF3549173C3040004F2404 /* FishLampCore.xcodeproj */;
			proxyType = 1;
			remoteGlobalIDString = 27A43AC315CDCCCB001CB13E;
			remoteInfo = "FishLampCore-OSX-64-MRC";
		};
		27EC5F6E16D45E3300C5102D /* PBXContainerItemProxy */ = {
			isa = PBXContainerItemProxy;
			containerPortal = 2739006E16D45CFE00FC6453 /* FishLampCocoaUI.xcodeproj */;
			proxyType = 2;
			remoteGlobalIDString = 27A43AB415CDCC89001CB13E;
			remoteInfo = "FishLampCocoaUI-iOS-ARC";
		};
		27EC5F7016D45E3300C5102D /* PBXContainerItemProxy */ = {
			isa = PBXContainerItemProxy;
			containerPortal = 2739006E16D45CFE00FC6453 /* FishLampCocoaUI.xcodeproj */;
			proxyType = 2;
			remoteGlobalIDString = 27048EF0161CB58600C38ADA;
			remoteInfo = "FishLampCocoaUI-OSX-32-MRC";
		};
		27EC5F7216D45E3300C5102D /* PBXContainerItemProxy */ = {
			isa = PBXContainerItemProxy;
			containerPortal = 2739006E16D45CFE00FC6453 /* FishLampCocoaUI.xcodeproj */;
			proxyType = 2;
			remoteGlobalIDString = 27A43AC415CDCCCB001CB13E;
			remoteInfo = "FishLampCocoaUI-OSX-64-MRC";
		};
		27EC5F7416D45E3300C5102D /* PBXContainerItemProxy */ = {
			isa = PBXContainerItemProxy;
			containerPortal = 2739006E16D45CFE00FC6453 /* FishLampCocoaUI.xcodeproj */;
			proxyType = 2;
			remoteGlobalIDString = 27314C79165328400027850D;
			remoteInfo = "FishLampCocoaUI-OSX-64-ARC";
		};
		27EC5F7616D45E3300C5102D /* PBXContainerItemProxy */ = {
			isa = PBXContainerItemProxy;
			containerPortal = 2739006E16D45CFE00FC6453 /* FishLampCocoaUI.xcodeproj */;
			proxyType = 2;
			remoteGlobalIDString = 27CBC1F416768BA600753D0A;
			remoteInfo = "FishLampCocoaUI-OSX-3264-MRC";
		};
		27EC5F7816D45E5100C5102D /* PBXContainerItemProxy */ = {
			isa = PBXContainerItemProxy;
			containerPortal = 2739006E16D45CFE00FC6453 /* FishLampCocoaUI.xcodeproj */;
			proxyType = 1;
			remoteGlobalIDString = 27048B70161CB58600C38ADA;
			remoteInfo = "FishLampCocoaUI-OSX-32-MRC";
		};
		27EC5F7A16D45E5600C5102D /* PBXContainerItemProxy */ = {
			isa = PBXContainerItemProxy;
			containerPortal = 2739006E16D45CFE00FC6453 /* FishLampCocoaUI.xcodeproj */;
			proxyType = 1;
			remoteGlobalIDString = 27A43AB315CDCC89001CB13E;
			remoteInfo = "FishLampCocoaUI-iOS-ARC";
		};
		27EC5F7C16D45E5F00C5102D /* PBXContainerItemProxy */ = {
			isa = PBXContainerItemProxy;
			containerPortal = 2739006E16D45CFE00FC6453 /* FishLampCocoaUI.xcodeproj */;
			proxyType = 1;
			remoteGlobalIDString = 27A43AC315CDCCCB001CB13E;
			remoteInfo = "FishLampCocoaUI-OSX-64-MRC";
		};
		27EC5F7E16D45E6600C5102D /* PBXContainerItemProxy */ = {
			isa = PBXContainerItemProxy;
			containerPortal = 2739006E16D45CFE00FC6453 /* FishLampCocoaUI.xcodeproj */;
			proxyType = 1;
			remoteGlobalIDString = 273148B9165328400027850D;
			remoteInfo = "FishLampCocoaUI-OSX-64-ARC";
		};
		27EC5F8016D45E6C00C5102D /* PBXContainerItemProxy */ = {
			isa = PBXContainerItemProxy;
			containerPortal = 2739006E16D45CFE00FC6453 /* FishLampCocoaUI.xcodeproj */;
			proxyType = 1;
			remoteGlobalIDString = 27CBBE2916768BA600753D0A;
			remoteInfo = "FishLampCocoaUI-OSX-3264-MRC";
		};
		27EF3546173C3031004F2404 /* PBXContainerItemProxy */ = {
			isa = PBXContainerItemProxy;
			containerPortal = 27A43A7315CDCC1B001CB13E /* Project object */;
			proxyType = 1;
			remoteGlobalIDString = 27A43AC315CDCCCB001CB13E;
			remoteInfo = "FishLampConnect-OSX-64-MRC";
		};
/* End PBXContainerItemProxy section */

/* Begin PBXCopyFilesBuildPhase section */
		27A43AB215CDCC89001CB13E /* CopyFiles */ = {
			isa = PBXCopyFilesBuildPhase;
			buildActionMask = 2147483647;
			dstPath = "include/${PRODUCT_NAME}";
			dstSubfolderSpec = 16;
			files = (
			);
			runOnlyForDeploymentPostprocessing = 0;
		};
		27EF3509173C2E61004F2404 /* CopyFiles */ = {
			isa = PBXCopyFilesBuildPhase;
			buildActionMask = 2147483647;
			dstPath = /usr/share/man/man1/;
			dstSubfolderSpec = 0;
			files = (
			);
			runOnlyForDeploymentPostprocessing = 1;
		};
/* End PBXCopyFilesBuildPhase section */

/* Begin PBXFileReference section */
		27048EF0161CB58600C38ADA /* libFishLampConnect-OSX-32-MRC.a */ = {isa = PBXFileReference; explicitFileType = archive.ar; includeInIndex = 0; path = "libFishLampConnect-OSX-32-MRC.a"; sourceTree = BUILT_PRODUCTS_DIR; };
		27314C79165328400027850D /* libFishLampConnect-OSX-64-ARC.a */ = {isa = PBXFileReference; explicitFileType = archive.ar; includeInIndex = 0; path = "libFishLampConnect-OSX-64-ARC.a"; sourceTree = BUILT_PRODUCTS_DIR; };
		27337EBB174C4F20002DEC7D /* FLParseService.h */ = {isa = PBXFileReference; fileEncoding = 4; lastKnownFileType = sourcecode.c.h; path = FLParseService.h; sourceTree = "<group>"; };
		27337EBC174C4F20002DEC7D /* FLParseService.m */ = {isa = PBXFileReference; fileEncoding = 4; lastKnownFileType = sourcecode.c.objc; path = FLParseService.m; sourceTree = "<group>"; };
		27337EC6174C5002002DEC7D /* FLParseServiceStorage.h */ = {isa = PBXFileReference; fileEncoding = 4; lastKnownFileType = sourcecode.c.h; path = FLParseServiceStorage.h; sourceTree = "<group>"; };
		27337EC7174C5002002DEC7D /* FLParseServiceStorage.m */ = {isa = PBXFileReference; fileEncoding = 4; lastKnownFileType = sourcecode.c.objc; path = FLParseServiceStorage.m; sourceTree = "<group>"; };
		2739006E16D45CFE00FC6453 /* FishLampCocoaUI.xcodeproj */ = {isa = PBXFileReference; lastKnownFileType = "wrapper.pb-project"; name = FishLampCocoaUI.xcodeproj; path = ../FishLampCocoaUILib/FishLampCocoaUI.xcodeproj; sourceTree = "<group>"; };
		273EFD00174FB96E00ABFB46 /* FLParseClassLink.h */ = {isa = PBXFileReference; fileEncoding = 4; lastKnownFileType = sourcecode.c.h; path = FLParseClassLink.h; sourceTree = "<group>"; };
		273EFD01174FB96E00ABFB46 /* FLParseClassLink.m */ = {isa = PBXFileReference; fileEncoding = 4; lastKnownFileType = sourcecode.c.objc; path = FLParseClassLink.m; sourceTree = "<group>"; };
		273EFD0B174FBE8900ABFB46 /* FLParseController.h */ = {isa = PBXFileReference; fileEncoding = 4; lastKnownFileType = sourcecode.c.h; path = FLParseController.h; sourceTree = "<group>"; };
		273EFD0C174FBE8900ABFB46 /* FLParseController.m */ = {isa = PBXFileReference; fileEncoding = 4; lastKnownFileType = sourcecode.c.objc; path = FLParseController.m; sourceTree = "<group>"; };
		273EFD16174FC33C00ABFB46 /* ParseOSX.framework */ = {isa = PBXFileReference; lastKnownFileType = wrapper.framework; name = ParseOSX.framework; path = ../../Frameworks/Connect/Parse/ParseOSX.framework; sourceTree = "<group>"; };
		27733DED173C30DD00B93AB1 /* AppKit.framework */ = {isa = PBXFileReference; lastKnownFileType = wrapper.framework; name = AppKit.framework; path = System/Library/Frameworks/AppKit.framework; sourceTree = SDKROOT; };
		27733DEE173C30DD00B93AB1 /* CoreData.framework */ = {isa = PBXFileReference; lastKnownFileType = wrapper.framework; name = CoreData.framework; path = System/Library/Frameworks/CoreData.framework; sourceTree = SDKROOT; };
		27733DEF173C30DD00B93AB1 /* SystemConfiguration.framework */ = {isa = PBXFileReference; lastKnownFileType = wrapper.framework; name = SystemConfiguration.framework; path = /System/Library/Frameworks/SystemConfiguration.framework; sourceTree = "<absolute>"; };
		27733DF0173C30DD00B93AB1 /* Security.framework */ = {isa = PBXFileReference; lastKnownFileType = wrapper.framework; name = Security.framework; path = /System/Library/Frameworks/Security.framework; sourceTree = "<absolute>"; };
		27733DF1173C30DD00B93AB1 /* CoreServices.framework */ = {isa = PBXFileReference; lastKnownFileType = wrapper.framework; name = CoreServices.framework; path = /System/Library/Frameworks/CoreServices.framework; sourceTree = "<absolute>"; };
		27733DF2173C30DD00B93AB1 /* libsqlite3.0.dylib */ = {isa = PBXFileReference; lastKnownFileType = "compiled.mach-o.dylib"; name = libsqlite3.0.dylib; path = /usr/lib/libsqlite3.0.dylib; sourceTree = "<absolute>"; };
		27733DF3173C30DD00B93AB1 /* Quartz.framework */ = {isa = PBXFileReference; lastKnownFileType = wrapper.framework; name = Quartz.framework; path = /System/Library/Frameworks/Quartz.framework; sourceTree = "<absolute>"; };
		27733DF4173C30DD00B93AB1 /* QuartzCore.framework */ = {isa = PBXFileReference; lastKnownFileType = wrapper.framework; name = QuartzCore.framework; path = /System/Library/Frameworks/QuartzCore.framework; sourceTree = "<absolute>"; };
		27733DF5173C30DD00B93AB1 /* Cocoa.framework */ = {isa = PBXFileReference; lastKnownFileType = wrapper.framework; name = Cocoa.framework; path = System/Library/Frameworks/Cocoa.framework; sourceTree = SDKROOT; };
		27733DF6173C30DD00B93AB1 /* Foundation.framework */ = {isa = PBXFileReference; lastKnownFileType = wrapper.framework; name = Foundation.framework; path = System/Library/Frameworks/Foundation.framework; sourceTree = SDKROOT; };
		27A43AB415CDCC89001CB13E /* libFishLampConnect-iOS-ARC.a */ = {isa = PBXFileReference; explicitFileType = archive.ar; includeInIndex = 0; path = "libFishLampConnect-iOS-ARC.a"; sourceTree = BUILT_PRODUCTS_DIR; };
		27A43AC415CDCCCB001CB13E /* libFishLampConnect-OSX-64-MRC.a */ = {isa = PBXFileReference; explicitFileType = archive.ar; includeInIndex = 0; path = "libFishLampConnect-OSX-64-MRC.a"; sourceTree = BUILT_PRODUCTS_DIR; };
		27CBC1F416768BA600753D0A /* libFishLampConnect-OSX-3264-MRC.a */ = {isa = PBXFileReference; explicitFileType = archive.ar; includeInIndex = 0; path = "libFishLampConnect-OSX-3264-MRC.a"; sourceTree = BUILT_PRODUCTS_DIR; };
		27E95851170BB75B00587A8F /* SharedTargetSettings.xcconfig */ = {isa = PBXFileReference; lastKnownFileType = text.xcconfig; path = SharedTargetSettings.xcconfig; sourceTree = "<group>"; };
		27E95852170BB75B00587A8F /* TargetSettings-OSX-32-MRC.xcconfig */ = {isa = PBXFileReference; lastKnownFileType = text.xcconfig; path = "TargetSettings-OSX-32-MRC.xcconfig"; sourceTree = "<group>"; };
		27E95853170BB75B00587A8F /* TargetSettings-OSX-3264-MRC.xcconfig */ = {isa = PBXFileReference; lastKnownFileType = text.xcconfig; path = "TargetSettings-OSX-3264-MRC.xcconfig"; sourceTree = "<group>"; };
		27E95854170BB75B00587A8F /* TargetSettings-OSX-64-ARC.xcconfig */ = {isa = PBXFileReference; lastKnownFileType = text.xcconfig; path = "TargetSettings-OSX-64-ARC.xcconfig"; sourceTree = "<group>"; };
		27E95855170BB75B00587A8F /* TargetSettings-OSX-64-MRC.xcconfig */ = {isa = PBXFileReference; lastKnownFileType = text.xcconfig; path = "TargetSettings-OSX-64-MRC.xcconfig"; sourceTree = "<group>"; };
		27E95856170BB75B00587A8F /* TargetSettings-OSX-iOS-ARC.xcconfig */ = {isa = PBXFileReference; lastKnownFileType = text.xcconfig; path = "TargetSettings-OSX-iOS-ARC.xcconfig"; sourceTree = "<group>"; };
		27E95858170BB77100587A8F /* FishLampProjectSettingsDebug.xcconfig */ = {isa = PBXFileReference; lastKnownFileType = text.xcconfig; path = FishLampProjectSettingsDebug.xcconfig; sourceTree = "<group>"; };
		27E95859170BB77100587A8F /* FishLampProjectSettingsRelease.xcconfig */ = {isa = PBXFileReference; lastKnownFileType = text.xcconfig; path = FishLampProjectSettingsRelease.xcconfig; sourceTree = "<group>"; };
		27EA230516B84DCA0018CDB2 /* FishLampConnect-Prefix.pch */ = {isa = PBXFileReference; fileEncoding = 4; lastKnownFileType = sourcecode.c.h; path = "FishLampConnect-Prefix.pch"; sourceTree = "<group>"; };
		27EF350B173C2E61004F2404 /* FishLampConnectTestTool-64-MRC */ = {isa = PBXFileReference; explicitFileType = "compiled.mach-o.executable"; includeInIndex = 0; path = "FishLampConnectTestTool-64-MRC"; sourceTree = BUILT_PRODUCTS_DIR; };
		27EF350C173C2E61004F2404 /* Foundation.framework */ = {isa = PBXFileReference; lastKnownFileType = wrapper.framework; name = Foundation.framework; path = System/Library/Frameworks/Foundation.framework; sourceTree = SDKROOT; };
		27EF353C173C2FD9004F2404 /* FishLampConnectTestTool-Prefix.pch */ = {isa = PBXFileReference; lastKnownFileType = sourcecode.c.h; path = "FishLampConnectTestTool-Prefix.pch"; sourceTree = "<group>"; };
		27EF353D173C2FD9004F2404 /* FishLampConnectTestTool.1 */ = {isa = PBXFileReference; lastKnownFileType = text.man; path = FishLampConnectTestTool.1; sourceTree = "<group>"; };
		27EF353E173C2FD9004F2404 /* main.m */ = {isa = PBXFileReference; lastKnownFileType = sourcecode.c.objc; path = main.m; sourceTree = "<group>"; };
		27EF353F173C2FD9004F2404 /* TestToolSharedConfig.xcconfig */ = {isa = PBXFileReference; lastKnownFileType = text.xcconfig; path = TestToolSharedConfig.xcconfig; sourceTree = "<group>"; };
		27EF3540173C2FD9004F2404 /* TestToolTargetSettings-OSX-32-MRC.xcconfig */ = {isa = PBXFileReference; lastKnownFileType = text.xcconfig; path = "TestToolTargetSettings-OSX-32-MRC.xcconfig"; sourceTree = "<group>"; };
		27EF3541173C2FD9004F2404 /* TestToolTargetSettings-OSX-3264-MRC.xcconfig */ = {isa = PBXFileReference; lastKnownFileType = text.xcconfig; path = "TestToolTargetSettings-OSX-3264-MRC.xcconfig"; sourceTree = "<group>"; };
		27EF3542173C2FD9004F2404 /* TestToolTargetSettings-OSX-64-ARC.xcconfig */ = {isa = PBXFileReference; lastKnownFileType = text.xcconfig; path = "TestToolTargetSettings-OSX-64-ARC.xcconfig"; sourceTree = "<group>"; };
		27EF3543173C2FD9004F2404 /* TestToolTargetSettings-OSX-64-MRC.xcconfig */ = {isa = PBXFileReference; lastKnownFileType = text.xcconfig; path = "TestToolTargetSettings-OSX-64-MRC.xcconfig"; sourceTree = "<group>"; };
		27EF3544173C2FD9004F2404 /* TestToolTargetSettings-OSX-iOS-ARC.xcconfig */ = {isa = PBXFileReference; lastKnownFileType = text.xcconfig; path = "TestToolTargetSettings-OSX-iOS-ARC.xcconfig"; sourceTree = "<group>"; };
		27EF3548173C303A004F2404 /* FishLampCocoa.xcodeproj */ = {isa = PBXFileReference; lastKnownFileType = "wrapper.pb-project"; name = FishLampCocoa.xcodeproj; path = ../FishLampCocoaLib/FishLampCocoa.xcodeproj; sourceTree = "<group>"; };
		27EF3549173C3040004F2404 /* FishLampCore.xcodeproj */ = {isa = PBXFileReference; lastKnownFileType = "wrapper.pb-project"; name = FishLampCore.xcodeproj; path = ../FishLampCoreLib/FishLampCore.xcodeproj; sourceTree = "<group>"; };
		78329B68167E426A0024E8DC /* FishLampPaths.xcconfig */ = {isa = PBXFileReference; lastKnownFileType = text.xcconfig; name = FishLampPaths.xcconfig; path = FishLampBuildSupport/FishLampPaths.xcconfig; sourceTree = "<group>"; };
/* End PBXFileReference section */

/* Begin PBXFrameworksBuildPhase section */
		27048D0F161CB58600C38ADA /* Frameworks */ = {
			isa = PBXFrameworksBuildPhase;
			buildActionMask = 2147483647;
			files = (
				273EFD18174FC33C00ABFB46 /* ParseOSX.framework in Frameworks */,
			);
			runOnlyForDeploymentPostprocessing = 0;
		};
		27314A76165328400027850D /* Frameworks */ = {
			isa = PBXFrameworksBuildPhase;
			buildActionMask = 2147483647;
			files = (
				273EFD1A174FC33C00ABFB46 /* ParseOSX.framework in Frameworks */,
			);
			runOnlyForDeploymentPostprocessing = 0;
		};
		27A43AB115CDCC89001CB13E /* Frameworks */ = {
			isa = PBXFrameworksBuildPhase;
			buildActionMask = 2147483647;
			files = (
				273EFD17174FC33C00ABFB46 /* ParseOSX.framework in Frameworks */,
			);
			runOnlyForDeploymentPostprocessing = 0;
		};
		27A43AC115CDCCCB001CB13E /* Frameworks */ = {
			isa = PBXFrameworksBuildPhase;
			buildActionMask = 2147483647;
			files = (
				273EFD19174FC33C00ABFB46 /* ParseOSX.framework in Frameworks */,
			);
			runOnlyForDeploymentPostprocessing = 0;
		};
		27CBBFEC16768BA600753D0A /* Frameworks */ = {
			isa = PBXFrameworksBuildPhase;
			buildActionMask = 2147483647;
			files = (
				273EFD1B174FC33C00ABFB46 /* ParseOSX.framework in Frameworks */,
			);
			runOnlyForDeploymentPostprocessing = 0;
		};
		27EF3508173C2E61004F2404 /* Frameworks */ = {
			isa = PBXFrameworksBuildPhase;
			buildActionMask = 2147483647;
			files = (
				27733E00173C310A00B93AB1 /* libFishLampConnect-OSX-64-MRC.a in Frameworks */,
				27733E01173C310A00B93AB1 /* libFishLampCocoa-OSX-64-MRC.a in Frameworks */,
				27733E02173C310A00B93AB1 /* libFishLampCore-OSX-64-MRC.a in Frameworks */,
				27EF350D173C2E62004F2404 /* Foundation.framework in Frameworks */,
				27733DF7173C30EC00B93AB1 /* AppKit.framework in Frameworks */,
				27733DF8173C30EC00B93AB1 /* CoreData.framework in Frameworks */,
				27733DF9173C30EC00B93AB1 /* SystemConfiguration.framework in Frameworks */,
				27733DFA173C30EC00B93AB1 /* Security.framework in Frameworks */,
				27733DFB173C30EC00B93AB1 /* CoreServices.framework in Frameworks */,
				27733DFC173C30EC00B93AB1 /* libsqlite3.0.dylib in Frameworks */,
				27733DFD173C30EC00B93AB1 /* Quartz.framework in Frameworks */,
				27733DFE173C30EC00B93AB1 /* QuartzCore.framework in Frameworks */,
				27733DFF173C30EC00B93AB1 /* Cocoa.framework in Frameworks */,
			);
			runOnlyForDeploymentPostprocessing = 0;
		};
/* End PBXFrameworksBuildPhase section */

/* Begin PBXGroup section */
		2731477B1652D2D30027850D /* Supporting Files */ = {
			isa = PBXGroup;
			children = (
				273EFD16174FC33C00ABFB46 /* ParseOSX.framework */,
				27E95857170BB77100587A8F /* FishLampProjectSettings */,
				27E95850170BB75B00587A8F /* FishLampConnect */,
				27EA230516B84DCA0018CDB2 /* FishLampConnect-Prefix.pch */,
				78329B68167E426A0024E8DC /* FishLampPaths.xcconfig */,
			);
			name = "Supporting Files";
			sourceTree = "<group>";
		};
		27337EB1174C4EFA002DEC7D /* Parse */ = {
			isa = PBXGroup;
			children = (
				27337EBB174C4F20002DEC7D /* FLParseService.h */,
				27337EBC174C4F20002DEC7D /* FLParseService.m */,
				27337EC6174C5002002DEC7D /* FLParseServiceStorage.h */,
				27337EC7174C5002002DEC7D /* FLParseServiceStorage.m */,
				273EFD00174FB96E00ABFB46 /* FLParseClassLink.h */,
				273EFD01174FB96E00ABFB46 /* FLParseClassLink.m */,
				273EFD0B174FBE8900ABFB46 /* FLParseController.h */,
				273EFD0C174FBE8900ABFB46 /* FLParseController.m */,
			);
			path = Parse;
			sourceTree = "<group>";
		};
		27733DC4173C307000B93AB1 /* Products */ = {
			isa = PBXGroup;
			children = (
				27733DCD173C307000B93AB1 /* libFishLampCocoa-iOS-ARC.a */,
				27733DCF173C307000B93AB1 /* libFishLampCocoa-OSX-32-MRC.a */,
				27733DD1173C307000B93AB1 /* libFishLampCocoa-OSX-64-MRC.a */,
				27733DD3173C307000B93AB1 /* libFishLampCocoa-OSX-64-ARC.a */,
				27733DD5173C307000B93AB1 /* libFishLampCocoa-OSX-3264-MRC.a */,
				27733DD7173C307000B93AB1 /* FishLampCocoaTestTool-64-MRC */,
			);
			name = Products;
			sourceTree = "<group>";
		};
		27733DD8173C307000B93AB1 /* Products */ = {
			isa = PBXGroup;
			children = (
				27733DE0173C307000B93AB1 /* libFishLampCore-iOS-ARC.a */,
				27733DE2173C307000B93AB1 /* libFishLampCore-OSX-32-MRC.a */,
				27733DE4173C307000B93AB1 /* libFishLampCore-OSX-64-MRC.a */,
				27733DE6173C307000B93AB1 /* libFishLampCore-OSX-64-ARC.a */,
				27733DE8173C307000B93AB1 /* libFishLampCore-OSX-3264-MRC.a */,
			);
			name = Products;
			sourceTree = "<group>";
		};
		27A43A7115CDCC1B001CB13E = {
			isa = PBXGroup;
			children = (
				27EF353B173C2FD9004F2404 /* FishLampConnectTestTool */,
				27EA1EB216B84D7F0018CDB2 /* Connect */,
				2731477B1652D2D30027850D /* Supporting Files */,
				27A43A7E15CDCC1B001CB13E /* Frameworks */,
				27A43A7D15CDCC1B001CB13E /* Products */,
			);
			sourceTree = "<group>";
		};
		27A43A7D15CDCC1B001CB13E /* Products */ = {
			isa = PBXGroup;
			children = (
				27A43AB415CDCC89001CB13E /* libFishLampConnect-iOS-ARC.a */,
				27A43AC415CDCCCB001CB13E /* libFishLampConnect-OSX-64-MRC.a */,
				27048EF0161CB58600C38ADA /* libFishLampConnect-OSX-32-MRC.a */,
				27314C79165328400027850D /* libFishLampConnect-OSX-64-ARC.a */,
				27CBC1F416768BA600753D0A /* libFishLampConnect-OSX-3264-MRC.a */,
				27EF350B173C2E61004F2404 /* FishLampConnectTestTool-64-MRC */,
			);
			name = Products;
			sourceTree = "<group>";
		};
		27A43A7E15CDCC1B001CB13E /* Frameworks */ = {
			isa = PBXGroup;
			children = (
				27733DED173C30DD00B93AB1 /* AppKit.framework */,
				27733DEE173C30DD00B93AB1 /* CoreData.framework */,
				27733DEF173C30DD00B93AB1 /* SystemConfiguration.framework */,
				27733DF0173C30DD00B93AB1 /* Security.framework */,
				27733DF1173C30DD00B93AB1 /* CoreServices.framework */,
				27733DF2173C30DD00B93AB1 /* libsqlite3.0.dylib */,
				27733DF3173C30DD00B93AB1 /* Quartz.framework */,
				27733DF4173C30DD00B93AB1 /* QuartzCore.framework */,
				27733DF5173C30DD00B93AB1 /* Cocoa.framework */,
				27733DF6173C30DD00B93AB1 /* Foundation.framework */,
				27EF3549173C3040004F2404 /* FishLampCore.xcodeproj */,
				27EF3548173C303A004F2404 /* FishLampCocoa.xcodeproj */,
				2739006E16D45CFE00FC6453 /* FishLampCocoaUI.xcodeproj */,
				27EF350C173C2E61004F2404 /* Foundation.framework */,
			);
			name = Frameworks;
			sourceTree = "<group>";
		};
		27E95850170BB75B00587A8F /* FishLampConnect */ = {
			isa = PBXGroup;
			children = (
				27E95851170BB75B00587A8F /* SharedTargetSettings.xcconfig */,
				27E95852170BB75B00587A8F /* TargetSettings-OSX-32-MRC.xcconfig */,
				27E95853170BB75B00587A8F /* TargetSettings-OSX-3264-MRC.xcconfig */,
				27E95854170BB75B00587A8F /* TargetSettings-OSX-64-ARC.xcconfig */,
				27E95855170BB75B00587A8F /* TargetSettings-OSX-64-MRC.xcconfig */,
				27E95856170BB75B00587A8F /* TargetSettings-OSX-iOS-ARC.xcconfig */,
			);
			path = FishLampConnect;
			sourceTree = "<group>";
		};
		27E95857170BB77100587A8F /* FishLampProjectSettings */ = {
			isa = PBXGroup;
			children = (
				27E95858170BB77100587A8F /* FishLampProjectSettingsDebug.xcconfig */,
				27E95859170BB77100587A8F /* FishLampProjectSettingsRelease.xcconfig */,
			);
			name = FishLampProjectSettings;
			path = FishLampBuildSupport/FishLampProjectSettings;
			sourceTree = "<group>";
		};
		27EA1EB216B84D7F0018CDB2 /* Connect */ = {
			isa = PBXGroup;
			children = (
				27337EB1174C4EFA002DEC7D /* Parse */,
			);
			name = Connect;
			path = ../../Frameworks/Connect;
			sourceTree = "<group>";
		};
		27EC5F6716D45E3300C5102D /* Products */ = {
			isa = PBXGroup;
			children = (
				27EC5F6F16D45E3300C5102D /* libFishLampCocoaUI-iOS-ARC.a */,
				27EC5F7116D45E3300C5102D /* libFishLampCocoaUI-OSX-32-MRC.a */,
				27EC5F7316D45E3300C5102D /* libFishLampCocoaUI-OSX-64-MRC.a */,
				27EC5F7516D45E3300C5102D /* libFishLampCocoaUI-OSX-64-ARC.a */,
				27EC5F7716D45E3300C5102D /* libFishLampCocoaUI-OSX-3264-MRC.a */,
			);
			name = Products;
			sourceTree = "<group>";
		};
		27EF353B173C2FD9004F2404 /* FishLampConnectTestTool */ = {
			isa = PBXGroup;
			children = (
				27EF353C173C2FD9004F2404 /* FishLampConnectTestTool-Prefix.pch */,
				27EF353D173C2FD9004F2404 /* FishLampConnectTestTool.1 */,
				27EF353E173C2FD9004F2404 /* main.m */,
				27EF353F173C2FD9004F2404 /* TestToolSharedConfig.xcconfig */,
				27EF3540173C2FD9004F2404 /* TestToolTargetSettings-OSX-32-MRC.xcconfig */,
				27EF3541173C2FD9004F2404 /* TestToolTargetSettings-OSX-3264-MRC.xcconfig */,
				27EF3542173C2FD9004F2404 /* TestToolTargetSettings-OSX-64-ARC.xcconfig */,
				27EF3543173C2FD9004F2404 /* TestToolTargetSettings-OSX-64-MRC.xcconfig */,
				27EF3544173C2FD9004F2404 /* TestToolTargetSettings-OSX-iOS-ARC.xcconfig */,
			);
			path = FishLampConnectTestTool;
			sourceTree = "<group>";
		};
/* End PBXGroup section */

/* Begin PBXHeadersBuildPhase section */
		27048D11161CB58600C38ADA /* Headers */ = {
			isa = PBXHeadersBuildPhase;
			buildActionMask = 2147483647;
			files = (
				27EA230616B84DCA0018CDB2 /* FishLampConnect-Prefix.pch in Headers */,
				27337EBD174C4F20002DEC7D /* FLParseService.h in Headers */,
				27337EC8174C5002002DEC7D /* FLParseServiceStorage.h in Headers */,
				273EFD02174FB96E00ABFB46 /* FLParseClassLink.h in Headers */,
				273EFD0D174FBE8900ABFB46 /* FLParseController.h in Headers */,
			);
			runOnlyForDeploymentPostprocessing = 0;
		};
		27314A78165328400027850D /* Headers */ = {
			isa = PBXHeadersBuildPhase;
			buildActionMask = 2147483647;
			files = (
				27EA230816B84DCA0018CDB2 /* FishLampConnect-Prefix.pch in Headers */,
				27337EBF174C4F20002DEC7D /* FLParseService.h in Headers */,
				27337ECA174C5002002DEC7D /* FLParseServiceStorage.h in Headers */,
				273EFD04174FB96E00ABFB46 /* FLParseClassLink.h in Headers */,
				273EFD0F174FBE8900ABFB46 /* FLParseController.h in Headers */,
			);
			runOnlyForDeploymentPostprocessing = 0;
		};
		27A43AC215CDCCCB001CB13E /* Headers */ = {
			isa = PBXHeadersBuildPhase;
			buildActionMask = 2147483647;
			files = (
				27EA230716B84DCA0018CDB2 /* FishLampConnect-Prefix.pch in Headers */,
				27337EBE174C4F20002DEC7D /* FLParseService.h in Headers */,
				27337EC9174C5002002DEC7D /* FLParseServiceStorage.h in Headers */,
				273EFD03174FB96E00ABFB46 /* FLParseClassLink.h in Headers */,
				273EFD0E174FBE8900ABFB46 /* FLParseController.h in Headers */,
			);
			runOnlyForDeploymentPostprocessing = 0;
		};
		27CBBFED16768BA600753D0A /* Headers */ = {
			isa = PBXHeadersBuildPhase;
			buildActionMask = 2147483647;
			files = (
				27EA230916B84DCA0018CDB2 /* FishLampConnect-Prefix.pch in Headers */,
				27337EC0174C4F20002DEC7D /* FLParseService.h in Headers */,
				27337ECB174C5002002DEC7D /* FLParseServiceStorage.h in Headers */,
				273EFD05174FB96E00ABFB46 /* FLParseClassLink.h in Headers */,
				273EFD10174FBE8900ABFB46 /* FLParseController.h in Headers */,
			);
			runOnlyForDeploymentPostprocessing = 0;
		};
/* End PBXHeadersBuildPhase section */

/* Begin PBXNativeTarget section */
		27048B70161CB58600C38ADA /* FishLampConnect-OSX-32-MRC */ = {
			isa = PBXNativeTarget;
			buildConfigurationList = 27048EEB161CB58600C38ADA /* Build configuration list for PBXNativeTarget "FishLampConnect-OSX-32-MRC" */;
			buildPhases = (
				27048B71161CB58600C38ADA /* Sources */,
				27048D0F161CB58600C38ADA /* Frameworks */,
				27048D11161CB58600C38ADA /* Headers */,
			);
			buildRules = (
			);
			dependencies = (
				27EC5F7916D45E5100C5102D /* PBXTargetDependency */,
			);
			name = "FishLampConnect-OSX-32-MRC";
			productName = FishLampCocoaApp;
			productReference = 27048EF0161CB58600C38ADA /* libFishLampConnect-OSX-32-MRC.a */;
			productType = "com.apple.product-type.library.static";
		};
		273148B9165328400027850D /* FishLampConnect-OSX-64-ARC */ = {
			isa = PBXNativeTarget;
			buildConfigurationList = 27314C75165328400027850D /* Build configuration list for PBXNativeTarget "FishLampConnect-OSX-64-ARC" */;
			buildPhases = (
				273148BA165328400027850D /* Sources */,
				27314A76165328400027850D /* Frameworks */,
				27314A78165328400027850D /* Headers */,
			);
			buildRules = (
			);
			dependencies = (
				27EC5F7F16D45E6600C5102D /* PBXTargetDependency */,
			);
			name = "FishLampConnect-OSX-64-ARC";
			productName = FishLampCommandLine;
			productReference = 27314C79165328400027850D /* libFishLampConnect-OSX-64-ARC.a */;
			productType = "com.apple.product-type.library.static";
		};
		27A43AB315CDCC89001CB13E /* FishLampConnect-iOS-ARC */ = {
			isa = PBXNativeTarget;
			buildConfigurationList = 27A43ABD15CDCC89001CB13E /* Build configuration list for PBXNativeTarget "FishLampConnect-iOS-ARC" */;
			buildPhases = (
				27A43AB015CDCC89001CB13E /* Sources */,
				27A43AB115CDCC89001CB13E /* Frameworks */,
				27A43AB215CDCC89001CB13E /* CopyFiles */,
			);
			buildRules = (
			);
			dependencies = (
				27EC5F7B16D45E5600C5102D /* PBXTargetDependency */,
			);
			name = "FishLampConnect-iOS-ARC";
			productName = FishLampiOS;
			productReference = 27A43AB415CDCC89001CB13E /* libFishLampConnect-iOS-ARC.a */;
			productType = "com.apple.product-type.library.static";
		};
		27A43AC315CDCCCB001CB13E /* FishLampConnect-OSX-64-MRC */ = {
			isa = PBXNativeTarget;
			buildConfigurationList = 27A43ACC15CDCCCB001CB13E /* Build configuration list for PBXNativeTarget "FishLampConnect-OSX-64-MRC" */;
			buildPhases = (
				27A43AC015CDCCCB001CB13E /* Sources */,
				27A43AC115CDCCCB001CB13E /* Frameworks */,
				27A43AC215CDCCCB001CB13E /* Headers */,
			);
			buildRules = (
			);
			dependencies = (
				27EC5F7D16D45E5F00C5102D /* PBXTargetDependency */,
			);
			name = "FishLampConnect-OSX-64-MRC";
			productName = FishLampCommandLine;
			productReference = 27A43AC415CDCCCB001CB13E /* libFishLampConnect-OSX-64-MRC.a */;
			productType = "com.apple.product-type.library.static";
		};
		27CBBE2916768BA600753D0A /* FishLampConnect-OSX-3264-MRC */ = {
			isa = PBXNativeTarget;
			buildConfigurationList = 27CBC1F116768BA600753D0A /* Build configuration list for PBXNativeTarget "FishLampConnect-OSX-3264-MRC" */;
			buildPhases = (
				27CBBE2A16768BA600753D0A /* Sources */,
				27CBBFEC16768BA600753D0A /* Frameworks */,
				27CBBFED16768BA600753D0A /* Headers */,
			);
			buildRules = (
			);
			dependencies = (
				27EC5F8116D45E6C00C5102D /* PBXTargetDependency */,
			);
			name = "FishLampConnect-OSX-3264-MRC";
			productName = FishLampCommandLine;
			productReference = 27CBC1F416768BA600753D0A /* libFishLampConnect-OSX-3264-MRC.a */;
			productType = "com.apple.product-type.library.static";
		};
		27EF350A173C2E61004F2404 /* FishLampConnectTestTool-64-MRC */ = {
			isa = PBXNativeTarget;
			buildConfigurationList = 27EF3517173C2E62004F2404 /* Build configuration list for PBXNativeTarget "FishLampConnectTestTool-64-MRC" */;
			buildPhases = (
				27EF3507173C2E61004F2404 /* Sources */,
				27EF3508173C2E61004F2404 /* Frameworks */,
				27EF3509173C2E61004F2404 /* CopyFiles */,
			);
			buildRules = (
			);
			dependencies = (
				27733DEA173C308B00B93AB1 /* PBXTargetDependency */,
				27733DEC173C308B00B93AB1 /* PBXTargetDependency */,
				27EF3547173C3031004F2404 /* PBXTargetDependency */,
			);
			name = "FishLampConnectTestTool-64-MRC";
			productName = "FishLampConnectTestTool-64-MRC";
			productReference = 27EF350B173C2E61004F2404 /* FishLampConnectTestTool-64-MRC */;
			productType = "com.apple.product-type.tool";
		};
/* End PBXNativeTarget section */

/* Begin PBXProject section */
		27A43A7315CDCC1B001CB13E /* Project object */ = {
			isa = PBXProject;
			attributes = {
				LastUpgradeCheck = 0450;
				ORGANIZATIONNAME = "Mike Fullerton";
			};
			buildConfigurationList = 27A43A7615CDCC1B001CB13E /* Build configuration list for PBXProject "FishLampConnect" */;
			compatibilityVersion = "Xcode 3.2";
			developmentRegion = English;
			hasScannedForEncodings = 0;
			knownRegions = (
				en,
				English,
			);
			mainGroup = 27A43A7115CDCC1B001CB13E;
			productRefGroup = 27A43A7D15CDCC1B001CB13E /* Products */;
			projectDirPath = "";
			projectReferences = (
				{
					ProductGroup = 27733DC4173C307000B93AB1 /* Products */;
					ProjectRef = 27EF3548173C303A004F2404 /* FishLampCocoa.xcodeproj */;
				},
				{
					ProductGroup = 27EC5F6716D45E3300C5102D /* Products */;
					ProjectRef = 2739006E16D45CFE00FC6453 /* FishLampCocoaUI.xcodeproj */;
				},
				{
					ProductGroup = 27733DD8173C307000B93AB1 /* Products */;
					ProjectRef = 27EF3549173C3040004F2404 /* FishLampCore.xcodeproj */;
				},
			);
			projectRoot = "";
			targets = (
				27A43AB315CDCC89001CB13E /* FishLampConnect-iOS-ARC */,
				27048B70161CB58600C38ADA /* FishLampConnect-OSX-32-MRC */,
				27A43AC315CDCCCB001CB13E /* FishLampConnect-OSX-64-MRC */,
				273148B9165328400027850D /* FishLampConnect-OSX-64-ARC */,
				27CBBE2916768BA600753D0A /* FishLampConnect-OSX-3264-MRC */,
				27EF350A173C2E61004F2404 /* FishLampConnectTestTool-64-MRC */,
			);
		};
/* End PBXProject section */

/* Begin PBXReferenceProxy section */
		27733DCD173C307000B93AB1 /* libFishLampCocoa-iOS-ARC.a */ = {
			isa = PBXReferenceProxy;
			fileType = archive.ar;
			path = "libFishLampCocoa-iOS-ARC.a";
			remoteRef = 27733DCC173C307000B93AB1 /* PBXContainerItemProxy */;
			sourceTree = BUILT_PRODUCTS_DIR;
		};
		27733DCF173C307000B93AB1 /* libFishLampCocoa-OSX-32-MRC.a */ = {
			isa = PBXReferenceProxy;
			fileType = archive.ar;
			path = "libFishLampCocoa-OSX-32-MRC.a";
			remoteRef = 27733DCE173C307000B93AB1 /* PBXContainerItemProxy */;
			sourceTree = BUILT_PRODUCTS_DIR;
		};
		27733DD1173C307000B93AB1 /* libFishLampCocoa-OSX-64-MRC.a */ = {
			isa = PBXReferenceProxy;
			fileType = archive.ar;
			path = "libFishLampCocoa-OSX-64-MRC.a";
			remoteRef = 27733DD0173C307000B93AB1 /* PBXContainerItemProxy */;
			sourceTree = BUILT_PRODUCTS_DIR;
		};
		27733DD3173C307000B93AB1 /* libFishLampCocoa-OSX-64-ARC.a */ = {
			isa = PBXReferenceProxy;
			fileType = archive.ar;
			path = "libFishLampCocoa-OSX-64-ARC.a";
			remoteRef = 27733DD2173C307000B93AB1 /* PBXContainerItemProxy */;
			sourceTree = BUILT_PRODUCTS_DIR;
		};
		27733DD5173C307000B93AB1 /* libFishLampCocoa-OSX-3264-MRC.a */ = {
			isa = PBXReferenceProxy;
			fileType = archive.ar;
			path = "libFishLampCocoa-OSX-3264-MRC.a";
			remoteRef = 27733DD4173C307000B93AB1 /* PBXContainerItemProxy */;
			sourceTree = BUILT_PRODUCTS_DIR;
		};
		27733DD7173C307000B93AB1 /* FishLampCocoaTestTool-64-MRC */ = {
			isa = PBXReferenceProxy;
			fileType = "compiled.mach-o.executable";
			path = "FishLampCocoaTestTool-64-MRC";
			remoteRef = 27733DD6173C307000B93AB1 /* PBXContainerItemProxy */;
			sourceTree = BUILT_PRODUCTS_DIR;
		};
		27733DE0173C307000B93AB1 /* libFishLampCore-iOS-ARC.a */ = {
			isa = PBXReferenceProxy;
			fileType = archive.ar;
			path = "libFishLampCore-iOS-ARC.a";
			remoteRef = 27733DDF173C307000B93AB1 /* PBXContainerItemProxy */;
			sourceTree = BUILT_PRODUCTS_DIR;
		};
		27733DE2173C307000B93AB1 /* libFishLampCore-OSX-32-MRC.a */ = {
			isa = PBXReferenceProxy;
			fileType = archive.ar;
			path = "libFishLampCore-OSX-32-MRC.a";
			remoteRef = 27733DE1173C307000B93AB1 /* PBXContainerItemProxy */;
			sourceTree = BUILT_PRODUCTS_DIR;
		};
		27733DE4173C307000B93AB1 /* libFishLampCore-OSX-64-MRC.a */ = {
			isa = PBXReferenceProxy;
			fileType = archive.ar;
			path = "libFishLampCore-OSX-64-MRC.a";
			remoteRef = 27733DE3173C307000B93AB1 /* PBXContainerItemProxy */;
			sourceTree = BUILT_PRODUCTS_DIR;
		};
		27733DE6173C307000B93AB1 /* libFishLampCore-OSX-64-ARC.a */ = {
			isa = PBXReferenceProxy;
			fileType = archive.ar;
			path = "libFishLampCore-OSX-64-ARC.a";
			remoteRef = 27733DE5173C307000B93AB1 /* PBXContainerItemProxy */;
			sourceTree = BUILT_PRODUCTS_DIR;
		};
		27733DE8173C307000B93AB1 /* libFishLampCore-OSX-3264-MRC.a */ = {
			isa = PBXReferenceProxy;
			fileType = archive.ar;
			path = "libFishLampCore-OSX-3264-MRC.a";
			remoteRef = 27733DE7173C307000B93AB1 /* PBXContainerItemProxy */;
			sourceTree = BUILT_PRODUCTS_DIR;
		};
		27EC5F6F16D45E3300C5102D /* libFishLampCocoaUI-iOS-ARC.a */ = {
			isa = PBXReferenceProxy;
			fileType = archive.ar;
			path = "libFishLampCocoaUI-iOS-ARC.a";
			remoteRef = 27EC5F6E16D45E3300C5102D /* PBXContainerItemProxy */;
			sourceTree = BUILT_PRODUCTS_DIR;
		};
		27EC5F7116D45E3300C5102D /* libFishLampCocoaUI-OSX-32-MRC.a */ = {
			isa = PBXReferenceProxy;
			fileType = archive.ar;
			path = "libFishLampCocoaUI-OSX-32-MRC.a";
			remoteRef = 27EC5F7016D45E3300C5102D /* PBXContainerItemProxy */;
			sourceTree = BUILT_PRODUCTS_DIR;
		};
		27EC5F7316D45E3300C5102D /* libFishLampCocoaUI-OSX-64-MRC.a */ = {
			isa = PBXReferenceProxy;
			fileType = archive.ar;
			path = "libFishLampCocoaUI-OSX-64-MRC.a";
			remoteRef = 27EC5F7216D45E3300C5102D /* PBXContainerItemProxy */;
			sourceTree = BUILT_PRODUCTS_DIR;
		};
		27EC5F7516D45E3300C5102D /* libFishLampCocoaUI-OSX-64-ARC.a */ = {
			isa = PBXReferenceProxy;
			fileType = archive.ar;
			path = "libFishLampCocoaUI-OSX-64-ARC.a";
			remoteRef = 27EC5F7416D45E3300C5102D /* PBXContainerItemProxy */;
			sourceTree = BUILT_PRODUCTS_DIR;
		};
		27EC5F7716D45E3300C5102D /* libFishLampCocoaUI-OSX-3264-MRC.a */ = {
			isa = PBXReferenceProxy;
			fileType = archive.ar;
			path = "libFishLampCocoaUI-OSX-3264-MRC.a";
			remoteRef = 27EC5F7616D45E3300C5102D /* PBXContainerItemProxy */;
			sourceTree = BUILT_PRODUCTS_DIR;
		};
/* End PBXReferenceProxy section */

/* Begin PBXSourcesBuildPhase section */
		27048B71161CB58600C38ADA /* Sources */ = {
			isa = PBXSourcesBuildPhase;
			buildActionMask = 2147483647;
			files = (
				27337EC2174C4F20002DEC7D /* FLParseService.m in Sources */,
				27337ECD174C5002002DEC7D /* FLParseServiceStorage.m in Sources */,
				273EFD07174FB96E00ABFB46 /* FLParseClassLink.m in Sources */,
				273EFD12174FBE8900ABFB46 /* FLParseController.m in Sources */,
			);
			runOnlyForDeploymentPostprocessing = 0;
		};
		273148BA165328400027850D /* Sources */ = {
			isa = PBXSourcesBuildPhase;
			buildActionMask = 2147483647;
			files = (
				27337EC4174C4F20002DEC7D /* FLParseService.m in Sources */,
				27337ECF174C5002002DEC7D /* FLParseServiceStorage.m in Sources */,
				273EFD09174FB96E00ABFB46 /* FLParseClassLink.m in Sources */,
				273EFD14174FBE8900ABFB46 /* FLParseController.m in Sources */,
			);
			runOnlyForDeploymentPostprocessing = 0;
		};
		27A43AB015CDCC89001CB13E /* Sources */ = {
			isa = PBXSourcesBuildPhase;
			buildActionMask = 2147483647;
			files = (
				27337EC1174C4F20002DEC7D /* FLParseService.m in Sources */,
				27337ECC174C5002002DEC7D /* FLParseServiceStorage.m in Sources */,
				273EFD06174FB96E00ABFB46 /* FLParseClassLink.m in Sources */,
				273EFD11174FBE8900ABFB46 /* FLParseController.m in Sources */,
			);
			runOnlyForDeploymentPostprocessing = 0;
		};
		27A43AC015CDCCCB001CB13E /* Sources */ = {
			isa = PBXSourcesBuildPhase;
			buildActionMask = 2147483647;
			files = (
				27337EC3174C4F20002DEC7D /* FLParseService.m in Sources */,
				27337ECE174C5002002DEC7D /* FLParseServiceStorage.m in Sources */,
				273EFD08174FB96E00ABFB46 /* FLParseClassLink.m in Sources */,
				273EFD13174FBE8900ABFB46 /* FLParseController.m in Sources */,
			);
			runOnlyForDeploymentPostprocessing = 0;
		};
		27CBBE2A16768BA600753D0A /* Sources */ = {
			isa = PBXSourcesBuildPhase;
			buildActionMask = 2147483647;
			files = (
				27337EC5174C4F20002DEC7D /* FLParseService.m in Sources */,
				27337ED0174C5002002DEC7D /* FLParseServiceStorage.m in Sources */,
				273EFD0A174FB96E00ABFB46 /* FLParseClassLink.m in Sources */,
				273EFD15174FBE8900ABFB46 /* FLParseController.m in Sources */,
			);
			runOnlyForDeploymentPostprocessing = 0;
		};
		27EF3507173C2E61004F2404 /* Sources */ = {
			isa = PBXSourcesBuildPhase;
			buildActionMask = 2147483647;
			files = (
				27EF3545173C2FEA004F2404 /* main.m in Sources */,
			);
			runOnlyForDeploymentPostprocessing = 0;
		};
/* End PBXSourcesBuildPhase section */

/* Begin PBXTargetDependency section */
		27733DEA173C308B00B93AB1 /* PBXTargetDependency */ = {
			isa = PBXTargetDependency;
			name = "FishLampCocoa-OSX-64-MRC";
			targetProxy = 27733DE9173C308B00B93AB1 /* PBXContainerItemProxy */;
		};
		27733DEC173C308B00B93AB1 /* PBXTargetDependency */ = {
			isa = PBXTargetDependency;
			name = "FishLampCore-OSX-64-MRC";
			targetProxy = 27733DEB173C308B00B93AB1 /* PBXContainerItemProxy */;
		};
		27EC5F7916D45E5100C5102D /* PBXTargetDependency */ = {
			isa = PBXTargetDependency;
			name = "FishLampCocoaUI-OSX-32-MRC";
			targetProxy = 27EC5F7816D45E5100C5102D /* PBXContainerItemProxy */;
		};
		27EC5F7B16D45E5600C5102D /* PBXTargetDependency */ = {
			isa = PBXTargetDependency;
			name = "FishLampCocoaUI-iOS-ARC";
			targetProxy = 27EC5F7A16D45E5600C5102D /* PBXContainerItemProxy */;
		};
		27EC5F7D16D45E5F00C5102D /* PBXTargetDependency */ = {
			isa = PBXTargetDependency;
			name = "FishLampCocoaUI-OSX-64-MRC";
			targetProxy = 27EC5F7C16D45E5F00C5102D /* PBXContainerItemProxy */;
		};
		27EC5F7F16D45E6600C5102D /* PBXTargetDependency */ = {
			isa = PBXTargetDependency;
			name = "FishLampCocoaUI-OSX-64-ARC";
			targetProxy = 27EC5F7E16D45E6600C5102D /* PBXContainerItemProxy */;
		};
		27EC5F8116D45E6C00C5102D /* PBXTargetDependency */ = {
			isa = PBXTargetDependency;
			name = "FishLampCocoaUI-OSX-3264-MRC";
			targetProxy = 27EC5F8016D45E6C00C5102D /* PBXContainerItemProxy */;
		};
		27EF3547173C3031004F2404 /* PBXTargetDependency */ = {
			isa = PBXTargetDependency;
			target = 27A43AC315CDCCCB001CB13E /* FishLampConnect-OSX-64-MRC */;
			targetProxy = 27EF3546173C3031004F2404 /* PBXContainerItemProxy */;
		};
/* End PBXTargetDependency section */

/* Begin XCBuildConfiguration section */
		27048EEC161CB58600C38ADA /* Debug */ = {
			isa = XCBuildConfiguration;
			baseConfigurationReference = 27E95852170BB75B00587A8F /* TargetSettings-OSX-32-MRC.xcconfig */;
			buildSettings = {
				FRAMEWORK_SEARCH_PATHS = (
					"$(inherited)",
					"\"$(SRCROOT)/External\"",
					"\"$(SRCROOT)/../../Frameworks/Connect/Parse\"",
				);
				PRODUCT_NAME = "FishLampConnect-OSX-32-MRC";
			};
			name = Debug;
		};
		27048EEE161CB58600C38ADA /* Release */ = {
			isa = XCBuildConfiguration;
			baseConfigurationReference = 27E95852170BB75B00587A8F /* TargetSettings-OSX-32-MRC.xcconfig */;
			buildSettings = {
				FRAMEWORK_SEARCH_PATHS = (
					"$(inherited)",
					"\"$(SRCROOT)/External\"",
					"\"$(SRCROOT)/../../Frameworks/Connect/Parse\"",
				);
				PRODUCT_NAME = "FishLampConnect-OSX-32-MRC";
			};
			name = Release;
		};
		27314C76165328400027850D /* Debug */ = {
			isa = XCBuildConfiguration;
			baseConfigurationReference = 27E95854170BB75B00587A8F /* TargetSettings-OSX-64-ARC.xcconfig */;
			buildSettings = {
				COMBINE_HIDPI_IMAGES = YES;
				FRAMEWORK_SEARCH_PATHS = (
					"$(inherited)",
					"\"$(SRCROOT)/External\"",
					"\"$(SRCROOT)/../../Frameworks/Connect/Parse\"",
				);
				PRODUCT_NAME = "FishLampConnect-OSX-64-ARC";
			};
			name = Debug;
		};
		27314C77165328400027850D /* Release */ = {
			isa = XCBuildConfiguration;
			baseConfigurationReference = 27E95854170BB75B00587A8F /* TargetSettings-OSX-64-ARC.xcconfig */;
			buildSettings = {
				COMBINE_HIDPI_IMAGES = YES;
				FRAMEWORK_SEARCH_PATHS = (
					"$(inherited)",
					"\"$(SRCROOT)/External\"",
					"\"$(SRCROOT)/../../Frameworks/Connect/Parse\"",
				);
				PRODUCT_NAME = "FishLampConnect-OSX-64-ARC";
			};
			name = Release;
		};
		27A43A8B15CDCC1B001CB13E /* Debug */ = {
			isa = XCBuildConfiguration;
			baseConfigurationReference = 27E95858170BB77100587A8F /* FishLampProjectSettingsDebug.xcconfig */;
			buildSettings = {
				COPY_PHASE_STRIP = NO;
			};
			name = Debug;
		};
		27A43A8C15CDCC1B001CB13E /* Release */ = {
			isa = XCBuildConfiguration;
			baseConfigurationReference = 27E95859170BB77100587A8F /* FishLampProjectSettingsRelease.xcconfig */;
			buildSettings = {
				COPY_PHASE_STRIP = NO;
			};
			name = Release;
		};
		27A43ABE15CDCC89001CB13E /* Debug */ = {
			isa = XCBuildConfiguration;
			baseConfigurationReference = 27E95856170BB75B00587A8F /* TargetSettings-OSX-iOS-ARC.xcconfig */;
			buildSettings = {
				DSTROOT = /tmp/FishLampiOS.dst;
				FRAMEWORK_SEARCH_PATHS = (
					"$(inherited)",
					"\"$(SRCROOT)/../../Frameworks/Connect/Parse\"",
				);
				PRODUCT_NAME = "FishLampConnect-iOS-ARC";
				SKIP_INSTALL = YES;
			};
			name = Debug;
		};
		27A43ABF15CDCC89001CB13E /* Release */ = {
			isa = XCBuildConfiguration;
			baseConfigurationReference = 27E95856170BB75B00587A8F /* TargetSettings-OSX-iOS-ARC.xcconfig */;
			buildSettings = {
				DSTROOT = /tmp/FishLampiOS.dst;
				FRAMEWORK_SEARCH_PATHS = (
					"$(inherited)",
					"\"$(SRCROOT)/../../Frameworks/Connect/Parse\"",
				);
				PRODUCT_NAME = "FishLampConnect-iOS-ARC";
				SKIP_INSTALL = YES;
				VALIDATE_PRODUCT = YES;
			};
			name = Release;
		};
		27A43ACD15CDCCCB001CB13E /* Debug */ = {
			isa = XCBuildConfiguration;
			baseConfigurationReference = 27E95855170BB75B00587A8F /* TargetSettings-OSX-64-MRC.xcconfig */;
			buildSettings = {
				COMBINE_HIDPI_IMAGES = YES;
				FRAMEWORK_SEARCH_PATHS = (
					"$(inherited)",
					"\"$(SRCROOT)/External\"",
					"\"$(SRCROOT)/../../Frameworks/Connect/Parse\"",
				);
				PRODUCT_NAME = "FishLampConnect-OSX-64-MRC";
			};
			name = Debug;
		};
		27A43ACE15CDCCCB001CB13E /* Release */ = {
			isa = XCBuildConfiguration;
			baseConfigurationReference = 27E95855170BB75B00587A8F /* TargetSettings-OSX-64-MRC.xcconfig */;
			buildSettings = {
				COMBINE_HIDPI_IMAGES = YES;
				FRAMEWORK_SEARCH_PATHS = (
					"$(inherited)",
					"\"$(SRCROOT)/External\"",
					"\"$(SRCROOT)/../../Frameworks/Connect/Parse\"",
				);
				PRODUCT_NAME = "FishLampConnect-OSX-64-MRC";
			};
			name = Release;
		};
		27CBC1F216768BA600753D0A /* Debug */ = {
			isa = XCBuildConfiguration;
			baseConfigurationReference = 27E95853170BB75B00587A8F /* TargetSettings-OSX-3264-MRC.xcconfig */;
			buildSettings = {
				COMBINE_HIDPI_IMAGES = YES;
				FRAMEWORK_SEARCH_PATHS = (
					"$(inherited)",
					"\"$(SRCROOT)/External\"",
					"\"$(SRCROOT)/../../Frameworks/Connect/Parse\"",
				);
				PRODUCT_NAME = "FishLampConnect-OSX-3264-MRC";
			};
			name = Debug;
		};
		27CBC1F316768BA600753D0A /* Release */ = {
			isa = XCBuildConfiguration;
			baseConfigurationReference = 27E95853170BB75B00587A8F /* TargetSettings-OSX-3264-MRC.xcconfig */;
			buildSettings = {
				COMBINE_HIDPI_IMAGES = YES;
				FRAMEWORK_SEARCH_PATHS = (
					"$(inherited)",
					"\"$(SRCROOT)/External\"",
					"\"$(SRCROOT)/../../Frameworks/Connect/Parse\"",
				);
				PRODUCT_NAME = "FishLampConnect-OSX-3264-MRC";
			};
			name = Release;
		};
		27EF3515173C2E62004F2404 /* Debug */ = {
			isa = XCBuildConfiguration;
			baseConfigurationReference = 27EF3543173C2FD9004F2404 /* TestToolTargetSettings-OSX-64-MRC.xcconfig */;
			buildSettings = {
			};
			name = Debug;
		};
		27EF3516173C2E62004F2404 /* Release */ = {
			isa = XCBuildConfiguration;
			baseConfigurationReference = 27EF3543173C2FD9004F2404 /* TestToolTargetSettings-OSX-64-MRC.xcconfig */;
			buildSettings = {
			};
			name = Release;
		};
/* End XCBuildConfiguration section */

/* Begin XCConfigurationList section */
		27048EEB161CB58600C38ADA /* Build configuration list for PBXNativeTarget "FishLampConnect-OSX-32-MRC" */ = {
			isa = XCConfigurationList;
			buildConfigurations = (
				27048EEC161CB58600C38ADA /* Debug */,
				27048EEE161CB58600C38ADA /* Release */,
			);
			defaultConfigurationIsVisible = 0;
			defaultConfigurationName = Release;
		};
		27314C75165328400027850D /* Build configuration list for PBXNativeTarget "FishLampConnect-OSX-64-ARC" */ = {
			isa = XCConfigurationList;
			buildConfigurations = (
				27314C76165328400027850D /* Debug */,
				27314C77165328400027850D /* Release */,
			);
			defaultConfigurationIsVisible = 0;
			defaultConfigurationName = Release;
		};
		27A43A7615CDCC1B001CB13E /* Build configuration list for PBXProject "FishLampConnect" */ = {
			isa = XCConfigurationList;
			buildConfigurations = (
				27A43A8B15CDCC1B001CB13E /* Debug */,
				27A43A8C15CDCC1B001CB13E /* Release */,
			);
			defaultConfigurationIsVisible = 0;
			defaultConfigurationName = Release;
		};
		27A43ABD15CDCC89001CB13E /* Build configuration list for PBXNativeTarget "FishLampConnect-iOS-ARC" */ = {
			isa = XCConfigurationList;
			buildConfigurations = (
				27A43ABE15CDCC89001CB13E /* Debug */,
				27A43ABF15CDCC89001CB13E /* Release */,
			);
			defaultConfigurationIsVisible = 0;
			defaultConfigurationName = Release;
		};
		27A43ACC15CDCCCB001CB13E /* Build configuration list for PBXNativeTarget "FishLampConnect-OSX-64-MRC" */ = {
			isa = XCConfigurationList;
			buildConfigurations = (
				27A43ACD15CDCCCB001CB13E /* Debug */,
				27A43ACE15CDCCCB001CB13E /* Release */,
			);
			defaultConfigurationIsVisible = 0;
			defaultConfigurationName = Release;
		};
		27CBC1F116768BA600753D0A /* Build configuration list for PBXNativeTarget "FishLampConnect-OSX-3264-MRC" */ = {
			isa = XCConfigurationList;
			buildConfigurations = (
				27CBC1F216768BA600753D0A /* Debug */,
				27CBC1F316768BA600753D0A /* Release */,
			);
			defaultConfigurationIsVisible = 0;
			defaultConfigurationName = Release;
		};
		27EF3517173C2E62004F2404 /* Build configuration list for PBXNativeTarget "FishLampConnectTestTool-64-MRC" */ = {
			isa = XCConfigurationList;
			buildConfigurations = (
				27EF3515173C2E62004F2404 /* Debug */,
				27EF3516173C2E62004F2404 /* Release */,
			);
			defaultConfigurationIsVisible = 0;
			defaultConfigurationName = Release;
		};
/* End XCConfigurationList section */
	};
	rootObject = 27A43A7315CDCC1B001CB13E /* Project object */;
}
