// !$*UTF8*$!
{
	archiveVersion = 1;
	classes = {
	};
	objectVersion = 46;
	objects = {

/* Begin PBXBuildFile section */
		274932B81699F667008E8EC5 /* FishLampOSX-Prefix.pch in Headers */ = {isa = PBXBuildFile; fileRef = 274932B71699F667008E8EC5 /* FishLampOSX-Prefix.pch */; };
		274932B91699F667008E8EC5 /* FishLampOSX-Prefix.pch in Headers */ = {isa = PBXBuildFile; fileRef = 274932B71699F667008E8EC5 /* FishLampOSX-Prefix.pch */; };
		274932BA1699F667008E8EC5 /* FishLampOSX-Prefix.pch in Headers */ = {isa = PBXBuildFile; fileRef = 274932B71699F667008E8EC5 /* FishLampOSX-Prefix.pch */; };
		274932BB1699F667008E8EC5 /* FishLampOSX-Prefix.pch in Headers */ = {isa = PBXBuildFile; fileRef = 274932B71699F667008E8EC5 /* FishLampOSX-Prefix.pch */; };
		2749338B1699FADD008E8EC5 /* FishLampOSX.h in Headers */ = {isa = PBXBuildFile; fileRef = 274933891699FADD008E8EC5 /* FishLampOSX.h */; };
		2749338C1699FADD008E8EC5 /* FishLampOSX.h in Headers */ = {isa = PBXBuildFile; fileRef = 274933891699FADD008E8EC5 /* FishLampOSX.h */; };
		2749338D1699FADD008E8EC5 /* FishLampOSX.h in Headers */ = {isa = PBXBuildFile; fileRef = 274933891699FADD008E8EC5 /* FishLampOSX.h */; };
		2749338E1699FADD008E8EC5 /* FishLampOSX.h in Headers */ = {isa = PBXBuildFile; fileRef = 274933891699FADD008E8EC5 /* FishLampOSX.h */; };
		2749340C169A0D74008E8EC5 /* __OSXHeaders.h in Headers */ = {isa = PBXBuildFile; fileRef = 2749340B169A0D74008E8EC5 /* __OSXHeaders.h */; };
		2749340D169A0D74008E8EC5 /* __OSXHeaders.h in Headers */ = {isa = PBXBuildFile; fileRef = 2749340B169A0D74008E8EC5 /* __OSXHeaders.h */; };
		2749340E169A0D74008E8EC5 /* __OSXHeaders.h in Headers */ = {isa = PBXBuildFile; fileRef = 2749340B169A0D74008E8EC5 /* __OSXHeaders.h */; };
		2749340F169A0D74008E8EC5 /* __OSXHeaders.h in Headers */ = {isa = PBXBuildFile; fileRef = 2749340B169A0D74008E8EC5 /* __OSXHeaders.h */; };
		27FC38191699F5E1001F4228 /* FLGlobalMenuController.h in Headers */ = {isa = PBXBuildFile; fileRef = 27FC38141699F5E1001F4228 /* FLGlobalMenuController.h */; };
		27FC381A1699F5E1001F4228 /* FLGlobalMenuController.h in Headers */ = {isa = PBXBuildFile; fileRef = 27FC38141699F5E1001F4228 /* FLGlobalMenuController.h */; };
		27FC381B1699F5E1001F4228 /* FLGlobalMenuController.h in Headers */ = {isa = PBXBuildFile; fileRef = 27FC38141699F5E1001F4228 /* FLGlobalMenuController.h */; };
		27FC381C1699F5E1001F4228 /* FLGlobalMenuController.h in Headers */ = {isa = PBXBuildFile; fileRef = 27FC38141699F5E1001F4228 /* FLGlobalMenuController.h */; };
		27FC381D1699F5E1001F4228 /* FLGlobalMenuController.m in Sources */ = {isa = PBXBuildFile; fileRef = 27FC38151699F5E1001F4228 /* FLGlobalMenuController.m */; };
		27FC381E1699F5E1001F4228 /* FLGlobalMenuController.m in Sources */ = {isa = PBXBuildFile; fileRef = 27FC38151699F5E1001F4228 /* FLGlobalMenuController.m */; };
		27FC381F1699F5E1001F4228 /* FLGlobalMenuController.m in Sources */ = {isa = PBXBuildFile; fileRef = 27FC38151699F5E1001F4228 /* FLGlobalMenuController.m */; };
		27FC38201699F5E1001F4228 /* FLGlobalMenuController.m in Sources */ = {isa = PBXBuildFile; fileRef = 27FC38151699F5E1001F4228 /* FLGlobalMenuController.m */; };
		27FC38211699F5E1001F4228 /* NSView+FLAdditions.h in Headers */ = {isa = PBXBuildFile; fileRef = 27FC38171699F5E1001F4228 /* NSView+FLAdditions.h */; };
		27FC38221699F5E1001F4228 /* NSView+FLAdditions.h in Headers */ = {isa = PBXBuildFile; fileRef = 27FC38171699F5E1001F4228 /* NSView+FLAdditions.h */; };
		27FC38231699F5E1001F4228 /* NSView+FLAdditions.h in Headers */ = {isa = PBXBuildFile; fileRef = 27FC38171699F5E1001F4228 /* NSView+FLAdditions.h */; };
		27FC38241699F5E1001F4228 /* NSView+FLAdditions.h in Headers */ = {isa = PBXBuildFile; fileRef = 27FC38171699F5E1001F4228 /* NSView+FLAdditions.h */; };
		27FC38251699F5E1001F4228 /* NSView+FLAdditions.m in Sources */ = {isa = PBXBuildFile; fileRef = 27FC38181699F5E1001F4228 /* NSView+FLAdditions.m */; };
		27FC38261699F5E1001F4228 /* NSView+FLAdditions.m in Sources */ = {isa = PBXBuildFile; fileRef = 27FC38181699F5E1001F4228 /* NSView+FLAdditions.m */; };
		27FC38271699F5E1001F4228 /* NSView+FLAdditions.m in Sources */ = {isa = PBXBuildFile; fileRef = 27FC38181699F5E1001F4228 /* NSView+FLAdditions.m */; };
		27FC38281699F5E1001F4228 /* NSView+FLAdditions.m in Sources */ = {isa = PBXBuildFile; fileRef = 27FC38181699F5E1001F4228 /* NSView+FLAdditions.m */; };
/* End PBXBuildFile section */

/* Begin PBXFileReference section */
		27048EF0161CB58600C38ADA /* libFishLampOSX-32-MRC.a */ = {isa = PBXFileReference; explicitFileType = archive.ar; includeInIndex = 0; path = "libFishLampOSX-32-MRC.a"; sourceTree = BUILT_PRODUCTS_DIR; };
		27314C79165328400027850D /* libFishLampOSX-64-ARC.a */ = {isa = PBXFileReference; explicitFileType = archive.ar; includeInIndex = 0; path = "libFishLampOSX-64-ARC.a"; sourceTree = BUILT_PRODUCTS_DIR; };
		274932B71699F667008E8EC5 /* FishLampOSX-Prefix.pch */ = {isa = PBXFileReference; fileEncoding = 4; lastKnownFileType = sourcecode.c.h; path = "FishLampOSX-Prefix.pch"; sourceTree = "<group>"; };
		274933891699FADD008E8EC5 /* FishLampOSX.h */ = {isa = PBXFileReference; fileEncoding = 4; lastKnownFileType = sourcecode.c.h; path = FishLampOSX.h; sourceTree = "<group>"; };
		2749340B169A0D74008E8EC5 /* __OSXHeaders.h */ = {isa = PBXFileReference; fileEncoding = 4; lastKnownFileType = sourcecode.c.h; path = __OSXHeaders.h; sourceTree = "<group>"; };
		2798DB81166D8A7F00A0863D /* SharedTargetSettings.xcconfig */ = {isa = PBXFileReference; lastKnownFileType = text.xcconfig; path = SharedTargetSettings.xcconfig; sourceTree = "<group>"; };
		27A43AC415CDCCCB001CB13E /* libFishLampOSX-64-MRC.a */ = {isa = PBXFileReference; explicitFileType = archive.ar; includeInIndex = 0; path = "libFishLampOSX-64-MRC.a"; sourceTree = BUILT_PRODUCTS_DIR; };
		27CBC1F416768BA600753D0A /* libFishLampOSX-32-64-MRC.a */ = {isa = PBXFileReference; explicitFileType = archive.ar; includeInIndex = 0; path = "libFishLampOSX-32-64-MRC.a"; sourceTree = BUILT_PRODUCTS_DIR; };
		27FC38141699F5E1001F4228 /* FLGlobalMenuController.h */ = {isa = PBXFileReference; fileEncoding = 4; lastKnownFileType = sourcecode.c.h; path = FLGlobalMenuController.h; sourceTree = "<group>"; };
		27FC38151699F5E1001F4228 /* FLGlobalMenuController.m */ = {isa = PBXFileReference; fileEncoding = 4; lastKnownFileType = sourcecode.c.objc; path = FLGlobalMenuController.m; sourceTree = "<group>"; };
		27FC38171699F5E1001F4228 /* NSView+FLAdditions.h */ = {isa = PBXFileReference; fileEncoding = 4; lastKnownFileType = sourcecode.c.h; path = "NSView+FLAdditions.h"; sourceTree = "<group>"; };
		27FC38181699F5E1001F4228 /* NSView+FLAdditions.m */ = {isa = PBXFileReference; fileEncoding = 4; lastKnownFileType = sourcecode.c.objc; path = "NSView+FLAdditions.m"; sourceTree = "<group>"; };
		78329B61167E41260024E8DC /* FishLampProjectSettingsDebug.xcconfig */ = {isa = PBXFileReference; lastKnownFileType = text.xcconfig; path = FishLampProjectSettingsDebug.xcconfig; sourceTree = "<group>"; };
		78329B62167E41260024E8DC /* FishLampProjectSettingsRelease.xcconfig */ = {isa = PBXFileReference; lastKnownFileType = text.xcconfig; path = FishLampProjectSettingsRelease.xcconfig; sourceTree = "<group>"; };
		78329B63167E41260024E8DC /* FishLampTargetSettings-iOS-ARC.xcconfig */ = {isa = PBXFileReference; lastKnownFileType = text.xcconfig; path = "FishLampTargetSettings-iOS-ARC.xcconfig"; sourceTree = "<group>"; };
		78329B64167E41260024E8DC /* FishLampTargetSettings-OSX-32-64-MRC.xcconfig */ = {isa = PBXFileReference; lastKnownFileType = text.xcconfig; path = "FishLampTargetSettings-OSX-32-64-MRC.xcconfig"; sourceTree = "<group>"; };
		78329B65167E41260024E8DC /* FishLampTargetSettings-OSX-32-MRC.xcconfig */ = {isa = PBXFileReference; lastKnownFileType = text.xcconfig; path = "FishLampTargetSettings-OSX-32-MRC.xcconfig"; sourceTree = "<group>"; };
		78329B66167E41260024E8DC /* FishLampTargetSettings-OSX-64-ARC.xcconfig */ = {isa = PBXFileReference; lastKnownFileType = text.xcconfig; path = "FishLampTargetSettings-OSX-64-ARC.xcconfig"; sourceTree = "<group>"; };
		78329B67167E41260024E8DC /* FishLampTargetSettings-OSX-64-MRC.xcconfig */ = {isa = PBXFileReference; lastKnownFileType = text.xcconfig; path = "FishLampTargetSettings-OSX-64-MRC.xcconfig"; sourceTree = "<group>"; };
		78329B68167E426A0024E8DC /* FishLampPaths.xcconfig */ = {isa = PBXFileReference; lastKnownFileType = text.xcconfig; name = FishLampPaths.xcconfig; path = FishLampBuildSupport/FishLampPaths.xcconfig; sourceTree = "<group>"; };
/* End PBXFileReference section */

/* Begin PBXFrameworksBuildPhase section */
		27048D0F161CB58600C38ADA /* Frameworks */ = {
			isa = PBXFrameworksBuildPhase;
			buildActionMask = 2147483647;
			files = (
			);
			runOnlyForDeploymentPostprocessing = 0;
		};
		27314A76165328400027850D /* Frameworks */ = {
			isa = PBXFrameworksBuildPhase;
			buildActionMask = 2147483647;
			files = (
			);
			runOnlyForDeploymentPostprocessing = 0;
		};
		27A43AC115CDCCCB001CB13E /* Frameworks */ = {
			isa = PBXFrameworksBuildPhase;
			buildActionMask = 2147483647;
			files = (
			);
			runOnlyForDeploymentPostprocessing = 0;
		};
		27CBBFEC16768BA600753D0A /* Frameworks */ = {
			isa = PBXFrameworksBuildPhase;
			buildActionMask = 2147483647;
			files = (
			);
			runOnlyForDeploymentPostprocessing = 0;
		};
/* End PBXFrameworksBuildPhase section */

/* Begin PBXGroup section */
		2731477B1652D2D30027850D /* Supporting Files */ = {
			isa = PBXGroup;
			children = (
				274932B71699F667008E8EC5 /* FishLampOSX-Prefix.pch */,
				78329B68167E426A0024E8DC /* FishLampPaths.xcconfig */,
				78329B60167E41260024E8DC /* XcodeConfigs */,
				2798DB81166D8A7F00A0863D /* SharedTargetSettings.xcconfig */,
			);
			name = "Supporting Files";
			sourceTree = "<group>";
		};
		27A43A7115CDCC1B001CB13E = {
			isa = PBXGroup;
			children = (
				27FC38121699F5E1001F4228 /* OSX */,
				27A43A7E15CDCC1B001CB13E /* Frameworks */,
				27A43A7D15CDCC1B001CB13E /* Products */,
				2731477B1652D2D30027850D /* Supporting Files */,
			);
			sourceTree = "<group>";
		};
		27A43A7D15CDCC1B001CB13E /* Products */ = {
			isa = PBXGroup;
			children = (
				27A43AC415CDCCCB001CB13E /* libFishLampOSX-64-MRC.a */,
				27048EF0161CB58600C38ADA /* libFishLampOSX-32-MRC.a */,
				27314C79165328400027850D /* libFishLampOSX-64-ARC.a */,
				27CBC1F416768BA600753D0A /* libFishLampOSX-32-64-MRC.a */,
			);
			name = Products;
			sourceTree = "<group>";
		};
		27A43A7E15CDCC1B001CB13E /* Frameworks */ = {
			isa = PBXGroup;
			children = (
			);
			name = Frameworks;
			sourceTree = "<group>";
		};
		27FC38121699F5E1001F4228 /* OSX */ = {
			isa = PBXGroup;
			children = (
				2749340B169A0D74008E8EC5 /* __OSXHeaders.h */,
				27FC38131699F5E1001F4228 /* Menus */,
				27FC38161699F5E1001F4228 /* Views */,
				274933891699FADD008E8EC5 /* FishLampOSX.h */,
			);
			name = OSX;
			path = ../../Frameworks/OSX;
			sourceTree = "<group>";
		};
		27FC38131699F5E1001F4228 /* Menus */ = {
			isa = PBXGroup;
			children = (
				27FC38141699F5E1001F4228 /* FLGlobalMenuController.h */,
				27FC38151699F5E1001F4228 /* FLGlobalMenuController.m */,
			);
			path = Menus;
			sourceTree = "<group>";
		};
		27FC38161699F5E1001F4228 /* Views */ = {
			isa = PBXGroup;
			children = (
				27FC38171699F5E1001F4228 /* NSView+FLAdditions.h */,
				27FC38181699F5E1001F4228 /* NSView+FLAdditions.m */,
			);
			path = Views;
			sourceTree = "<group>";
		};
		78329B60167E41260024E8DC /* XcodeConfigs */ = {
			isa = PBXGroup;
			children = (
				78329B61167E41260024E8DC /* FishLampProjectSettingsDebug.xcconfig */,
				78329B62167E41260024E8DC /* FishLampProjectSettingsRelease.xcconfig */,
				78329B63167E41260024E8DC /* FishLampTargetSettings-iOS-ARC.xcconfig */,
				78329B64167E41260024E8DC /* FishLampTargetSettings-OSX-32-64-MRC.xcconfig */,
				78329B65167E41260024E8DC /* FishLampTargetSettings-OSX-32-MRC.xcconfig */,
				78329B66167E41260024E8DC /* FishLampTargetSettings-OSX-64-ARC.xcconfig */,
				78329B67167E41260024E8DC /* FishLampTargetSettings-OSX-64-MRC.xcconfig */,
			);
			name = XcodeConfigs;
			path = FishLampBuildSupport/XcodeConfigs;
			sourceTree = "<group>";
		};
/* End PBXGroup section */

/* Begin PBXHeadersBuildPhase section */
		27048D11161CB58600C38ADA /* Headers */ = {
			isa = PBXHeadersBuildPhase;
			buildActionMask = 2147483647;
			files = (
				27FC38191699F5E1001F4228 /* FLGlobalMenuController.h in Headers */,
				27FC38211699F5E1001F4228 /* NSView+FLAdditions.h in Headers */,
				274932B81699F667008E8EC5 /* FishLampOSX-Prefix.pch in Headers */,
				2749338B1699FADD008E8EC5 /* FishLampOSX.h in Headers */,
				2749340C169A0D74008E8EC5 /* __OSXHeaders.h in Headers */,
			);
			runOnlyForDeploymentPostprocessing = 0;
		};
		27314A78165328400027850D /* Headers */ = {
			isa = PBXHeadersBuildPhase;
			buildActionMask = 2147483647;
			files = (
				27FC381B1699F5E1001F4228 /* FLGlobalMenuController.h in Headers */,
				27FC38231699F5E1001F4228 /* NSView+FLAdditions.h in Headers */,
				274932BA1699F667008E8EC5 /* FishLampOSX-Prefix.pch in Headers */,
				2749338D1699FADD008E8EC5 /* FishLampOSX.h in Headers */,
				2749340E169A0D74008E8EC5 /* __OSXHeaders.h in Headers */,
			);
			runOnlyForDeploymentPostprocessing = 0;
		};
		27A43AC215CDCCCB001CB13E /* Headers */ = {
			isa = PBXHeadersBuildPhase;
			buildActionMask = 2147483647;
			files = (
				27FC381A1699F5E1001F4228 /* FLGlobalMenuController.h in Headers */,
				27FC38221699F5E1001F4228 /* NSView+FLAdditions.h in Headers */,
				274932B91699F667008E8EC5 /* FishLampOSX-Prefix.pch in Headers */,
				2749338C1699FADD008E8EC5 /* FishLampOSX.h in Headers */,
				2749340D169A0D74008E8EC5 /* __OSXHeaders.h in Headers */,
			);
			runOnlyForDeploymentPostprocessing = 0;
		};
		27CBBFED16768BA600753D0A /* Headers */ = {
			isa = PBXHeadersBuildPhase;
			buildActionMask = 2147483647;
			files = (
				27FC381C1699F5E1001F4228 /* FLGlobalMenuController.h in Headers */,
				27FC38241699F5E1001F4228 /* NSView+FLAdditions.h in Headers */,
				274932BB1699F667008E8EC5 /* FishLampOSX-Prefix.pch in Headers */,
				2749338E1699FADD008E8EC5 /* FishLampOSX.h in Headers */,
				2749340F169A0D74008E8EC5 /* __OSXHeaders.h in Headers */,
			);
			runOnlyForDeploymentPostprocessing = 0;
		};
/* End PBXHeadersBuildPhase section */

/* Begin PBXNativeTarget section */
		27048B70161CB58600C38ADA /* FishLampOSX-32-MRC */ = {
			isa = PBXNativeTarget;
			buildConfigurationList = 27048EEB161CB58600C38ADA /* Build configuration list for PBXNativeTarget "FishLampOSX-32-MRC" */;
			buildPhases = (
				27048B71161CB58600C38ADA /* Sources */,
				27048D0F161CB58600C38ADA /* Frameworks */,
				27048D11161CB58600C38ADA /* Headers */,
			);
			buildRules = (
			);
			dependencies = (
			);
			name = "FishLampOSX-32-MRC";
			productName = FishLampCocoaApp;
			productReference = 27048EF0161CB58600C38ADA /* libFishLampOSX-32-MRC.a */;
			productType = "com.apple.product-type.library.static";
		};
		273148B9165328400027850D /* FishLampOSX-64-ARC */ = {
			isa = PBXNativeTarget;
			buildConfigurationList = 27314C75165328400027850D /* Build configuration list for PBXNativeTarget "FishLampOSX-64-ARC" */;
			buildPhases = (
				273148BA165328400027850D /* Sources */,
				27314A76165328400027850D /* Frameworks */,
				27314A78165328400027850D /* Headers */,
			);
			buildRules = (
			);
			dependencies = (
			);
			name = "FishLampOSX-64-ARC";
			productName = FishLampCommandLine;
			productReference = 27314C79165328400027850D /* libFishLampOSX-64-ARC.a */;
			productType = "com.apple.product-type.library.static";
		};
		27A43AC315CDCCCB001CB13E /* FishLampOSX-64-MRC */ = {
			isa = PBXNativeTarget;
			buildConfigurationList = 27A43ACC15CDCCCB001CB13E /* Build configuration list for PBXNativeTarget "FishLampOSX-64-MRC" */;
			buildPhases = (
				27A43AC015CDCCCB001CB13E /* Sources */,
				27A43AC115CDCCCB001CB13E /* Frameworks */,
				27A43AC215CDCCCB001CB13E /* Headers */,
			);
			buildRules = (
			);
			dependencies = (
			);
			name = "FishLampOSX-64-MRC";
			productName = FishLampCommandLine;
			productReference = 27A43AC415CDCCCB001CB13E /* libFishLampOSX-64-MRC.a */;
			productType = "com.apple.product-type.library.static";
		};
		27CBBE2916768BA600753D0A /* FishLampOSX-3264-MRC */ = {
			isa = PBXNativeTarget;
			buildConfigurationList = 27CBC1F116768BA600753D0A /* Build configuration list for PBXNativeTarget "FishLampOSX-3264-MRC" */;
			buildPhases = (
				27CBBE2A16768BA600753D0A /* Sources */,
				27CBBFEC16768BA600753D0A /* Frameworks */,
				27CBBFED16768BA600753D0A /* Headers */,
			);
			buildRules = (
			);
			dependencies = (
			);
			name = "FishLampOSX-3264-MRC";
			productName = FishLampCommandLine;
			productReference = 27CBC1F416768BA600753D0A /* libFishLampOSX-32-64-MRC.a */;
			productType = "com.apple.product-type.library.static";
		};
/* End PBXNativeTarget section */

/* Begin PBXProject section */
		27A43A7315CDCC1B001CB13E /* Project object */ = {
			isa = PBXProject;
			attributes = {
				LastUpgradeCheck = 0450;
				ORGANIZATIONNAME = "Mike Fullerton";
			};
			buildConfigurationList = 27A43A7615CDCC1B001CB13E /* Build configuration list for PBXProject "FishLampOSX" */;
			compatibilityVersion = "Xcode 3.2";
			developmentRegion = English;
			hasScannedForEncodings = 0;
			knownRegions = (
				en,
				English,
			);
			mainGroup = 27A43A7115CDCC1B001CB13E;
			productRefGroup = 27A43A7D15CDCC1B001CB13E /* Products */;
			projectDirPath = "";
			projectRoot = "";
			targets = (
				27048B70161CB58600C38ADA /* FishLampOSX-32-MRC */,
				27A43AC315CDCCCB001CB13E /* FishLampOSX-64-MRC */,
				273148B9165328400027850D /* FishLampOSX-64-ARC */,
				27CBBE2916768BA600753D0A /* FishLampOSX-3264-MRC */,
			);
		};
/* End PBXProject section */

/* Begin PBXSourcesBuildPhase section */
		27048B71161CB58600C38ADA /* Sources */ = {
			isa = PBXSourcesBuildPhase;
			buildActionMask = 2147483647;
			files = (
				27FC381D1699F5E1001F4228 /* FLGlobalMenuController.m in Sources */,
				27FC38251699F5E1001F4228 /* NSView+FLAdditions.m in Sources */,
			);
			runOnlyForDeploymentPostprocessing = 0;
		};
		273148BA165328400027850D /* Sources */ = {
			isa = PBXSourcesBuildPhase;
			buildActionMask = 2147483647;
			files = (
				27FC381F1699F5E1001F4228 /* FLGlobalMenuController.m in Sources */,
				27FC38271699F5E1001F4228 /* NSView+FLAdditions.m in Sources */,
			);
			runOnlyForDeploymentPostprocessing = 0;
		};
		27A43AC015CDCCCB001CB13E /* Sources */ = {
			isa = PBXSourcesBuildPhase;
			buildActionMask = 2147483647;
			files = (
				27FC381E1699F5E1001F4228 /* FLGlobalMenuController.m in Sources */,
				27FC38261699F5E1001F4228 /* NSView+FLAdditions.m in Sources */,
			);
			runOnlyForDeploymentPostprocessing = 0;
		};
		27CBBE2A16768BA600753D0A /* Sources */ = {
			isa = PBXSourcesBuildPhase;
			buildActionMask = 2147483647;
			files = (
				27FC38201699F5E1001F4228 /* FLGlobalMenuController.m in Sources */,
				27FC38281699F5E1001F4228 /* NSView+FLAdditions.m in Sources */,
			);
			runOnlyForDeploymentPostprocessing = 0;
		};
/* End PBXSourcesBuildPhase section */

/* Begin XCBuildConfiguration section */
		27048EEC161CB58600C38ADA /* Debug */ = {
			isa = XCBuildConfiguration;
			baseConfigurationReference = 78329B65167E41260024E8DC /* FishLampTargetSettings-OSX-32-MRC.xcconfig */;
			buildSettings = {
			};
			name = Debug;
		};
		27048EEE161CB58600C38ADA /* Release */ = {
			isa = XCBuildConfiguration;
			baseConfigurationReference = 78329B65167E41260024E8DC /* FishLampTargetSettings-OSX-32-MRC.xcconfig */;
			buildSettings = {
			};
			name = Release;
		};
		27314C76165328400027850D /* Debug */ = {
			isa = XCBuildConfiguration;
			baseConfigurationReference = 78329B66167E41260024E8DC /* FishLampTargetSettings-OSX-64-ARC.xcconfig */;
			buildSettings = {
				COMBINE_HIDPI_IMAGES = YES;
			};
			name = Debug;
		};
		27314C77165328400027850D /* Release */ = {
			isa = XCBuildConfiguration;
			baseConfigurationReference = 78329B66167E41260024E8DC /* FishLampTargetSettings-OSX-64-ARC.xcconfig */;
			buildSettings = {
				COMBINE_HIDPI_IMAGES = YES;
			};
			name = Release;
		};
		27A43A8B15CDCC1B001CB13E /* Debug */ = {
			isa = XCBuildConfiguration;
			baseConfigurationReference = 78329B61167E41260024E8DC /* FishLampProjectSettingsDebug.xcconfig */;
			buildSettings = {
				COPY_PHASE_STRIP = NO;
			};
			name = Debug;
		};
		27A43A8C15CDCC1B001CB13E /* Release */ = {
			isa = XCBuildConfiguration;
			baseConfigurationReference = 78329B62167E41260024E8DC /* FishLampProjectSettingsRelease.xcconfig */;
			buildSettings = {
				COPY_PHASE_STRIP = NO;
			};
			name = Release;
		};
		27A43ACD15CDCCCB001CB13E /* Debug */ = {
			isa = XCBuildConfiguration;
			baseConfigurationReference = 78329B67167E41260024E8DC /* FishLampTargetSettings-OSX-64-MRC.xcconfig */;
			buildSettings = {
				COMBINE_HIDPI_IMAGES = YES;
			};
			name = Debug;
		};
		27A43ACE15CDCCCB001CB13E /* Release */ = {
			isa = XCBuildConfiguration;
			baseConfigurationReference = 78329B67167E41260024E8DC /* FishLampTargetSettings-OSX-64-MRC.xcconfig */;
			buildSettings = {
				COMBINE_HIDPI_IMAGES = YES;
			};
			name = Release;
		};
		27CBC1F216768BA600753D0A /* Debug */ = {
			isa = XCBuildConfiguration;
			baseConfigurationReference = 78329B64167E41260024E8DC /* FishLampTargetSettings-OSX-32-64-MRC.xcconfig */;
			buildSettings = {
				COMBINE_HIDPI_IMAGES = YES;
			};
			name = Debug;
		};
		27CBC1F316768BA600753D0A /* Release */ = {
			isa = XCBuildConfiguration;
			baseConfigurationReference = 78329B64167E41260024E8DC /* FishLampTargetSettings-OSX-32-64-MRC.xcconfig */;
			buildSettings = {
				COMBINE_HIDPI_IMAGES = YES;
			};
			name = Release;
		};
/* End XCBuildConfiguration section */

/* Begin XCConfigurationList section */
		27048EEB161CB58600C38ADA /* Build configuration list for PBXNativeTarget "FishLampOSX-32-MRC" */ = {
			isa = XCConfigurationList;
			buildConfigurations = (
				27048EEC161CB58600C38ADA /* Debug */,
				27048EEE161CB58600C38ADA /* Release */,
			);
			defaultConfigurationIsVisible = 0;
			defaultConfigurationName = Release;
		};
		27314C75165328400027850D /* Build configuration list for PBXNativeTarget "FishLampOSX-64-ARC" */ = {
			isa = XCConfigurationList;
			buildConfigurations = (
				27314C76165328400027850D /* Debug */,
				27314C77165328400027850D /* Release */,
			);
			defaultConfigurationIsVisible = 0;
			defaultConfigurationName = Release;
		};
		27A43A7615CDCC1B001CB13E /* Build configuration list for PBXProject "FishLampOSX" */ = {
			isa = XCConfigurationList;
			buildConfigurations = (
				27A43A8B15CDCC1B001CB13E /* Debug */,
				27A43A8C15CDCC1B001CB13E /* Release */,
			);
			defaultConfigurationIsVisible = 0;
			defaultConfigurationName = Release;
		};
		27A43ACC15CDCCCB001CB13E /* Build configuration list for PBXNativeTarget "FishLampOSX-64-MRC" */ = {
			isa = XCConfigurationList;
			buildConfigurations = (
				27A43ACD15CDCCCB001CB13E /* Debug */,
				27A43ACE15CDCCCB001CB13E /* Release */,
			);
			defaultConfigurationIsVisible = 0;
			defaultConfigurationName = Release;
		};
		27CBC1F116768BA600753D0A /* Build configuration list for PBXNativeTarget "FishLampOSX-3264-MRC" */ = {
			isa = XCConfigurationList;
			buildConfigurations = (
				27CBC1F216768BA600753D0A /* Debug */,
				27CBC1F316768BA600753D0A /* Release */,
			);
			defaultConfigurationIsVisible = 0;
			defaultConfigurationName = Release;
		};
/* End XCConfigurationList section */
	};
	rootObject = 27A43A7315CDCC1B001CB13E /* Project object */;
}
